// !$*UTF8*$!
{
	archiveVersion = 1;
	classes = {
	};
	objectVersion = 46;
	objects = {

/* Begin PBXBuildFile section */
		09235A181BFBE0BD0005EB53 /* GameObjectTests.m in Sources */ = {isa = PBXBuildFile; fileRef = 09235A171BFBE0BD0005EB53 /* GameObjectTests.m */; };
		093A62D81BB46C4F00BF2074 /* Coin.m in Sources */ = {isa = PBXBuildFile; fileRef = 093A62D71BB46C4F00BF2074 /* Coin.m */; };
		09808FF71BDE736000045C9F /* enemyIdle1.png in Resources */ = {isa = PBXBuildFile; fileRef = 09808FBD1BDE736000045C9F /* enemyIdle1.png */; };
		09808FF81BDE736000045C9F /* enemyIdle2.png in Resources */ = {isa = PBXBuildFile; fileRef = 09808FBE1BDE736000045C9F /* enemyIdle2.png */; };
		09808FF91BDE736000045C9F /* playerFalling1.png in Resources */ = {isa = PBXBuildFile; fileRef = 09808FC01BDE736000045C9F /* playerFalling1.png */; };
		09808FFA1BDE736000045C9F /* playerJumping1.png in Resources */ = {isa = PBXBuildFile; fileRef = 09808FC11BDE736000045C9F /* playerJumping1.png */; };
		09808FFB1BDE736000045C9F /* playerRunning1.png in Resources */ = {isa = PBXBuildFile; fileRef = 09808FC21BDE736000045C9F /* playerRunning1.png */; };
		09808FFC1BDE736000045C9F /* playerRunning2.png in Resources */ = {isa = PBXBuildFile; fileRef = 09808FC31BDE736000045C9F /* playerRunning2.png */; };
		09808FFD1BDE736000045C9F /* playerRunning3.png in Resources */ = {isa = PBXBuildFile; fileRef = 09808FC41BDE736000045C9F /* playerRunning3.png */; };
		09808FFE1BDE736000045C9F /* playerRunning4.png in Resources */ = {isa = PBXBuildFile; fileRef = 09808FC51BDE736000045C9F /* playerRunning4.png */; };
		09808FFF1BDE736000045C9F /* playerRunning5.png in Resources */ = {isa = PBXBuildFile; fileRef = 09808FC61BDE736000045C9F /* playerRunning5.png */; };
		098090001BDE736000045C9F /* playerRunning6.png in Resources */ = {isa = PBXBuildFile; fileRef = 09808FC71BDE736000045C9F /* playerRunning6.png */; };
		098090011BDE736000045C9F /* weakEnemyIdle1.png in Resources */ = {isa = PBXBuildFile; fileRef = 09808FC91BDE736000045C9F /* weakEnemyIdle1.png */; };
		098090021BDE736000045C9F /* weakEnemyIdle2.png in Resources */ = {isa = PBXBuildFile; fileRef = 09808FCA1BDE736000045C9F /* weakEnemyIdle2.png */; };
		098090031BDE736000045C9F /* Coin1.png in Resources */ = {isa = PBXBuildFile; fileRef = 09808FCC1BDE736000045C9F /* Coin1.png */; };
		098090041BDE736000045C9F /* Coin2.png in Resources */ = {isa = PBXBuildFile; fileRef = 09808FCD1BDE736000045C9F /* Coin2.png */; };
		098090051BDE736000045C9F /* Coin3.png in Resources */ = {isa = PBXBuildFile; fileRef = 09808FCE1BDE736000045C9F /* Coin3.png */; };
		098090061BDE736000045C9F /* Coin4.png in Resources */ = {isa = PBXBuildFile; fileRef = 09808FCF1BDE736000045C9F /* Coin4.png */; };
		098090071BDE736000045C9F /* Coin5.png in Resources */ = {isa = PBXBuildFile; fileRef = 09808FD01BDE736000045C9F /* Coin5.png */; };
		098090081BDE736000045C9F /* Coin6.png in Resources */ = {isa = PBXBuildFile; fileRef = 09808FD11BDE736000045C9F /* Coin6.png */; };
		098090091BDE736000045C9F /* background_Clouds.png in Resources */ = {isa = PBXBuildFile; fileRef = 09808FD31BDE736000045C9F /* background_Clouds.png */; };
		0980900A1BDE736000045C9F /* projectile.png in Resources */ = {isa = PBXBuildFile; fileRef = 09808FD41BDE736000045C9F /* projectile.png */; };
		0980900B1BDE736000045C9F /* gameCenterButton.png in Resources */ = {isa = PBXBuildFile; fileRef = 09808FD61BDE736000045C9F /* gameCenterButton.png */; };
		0980900C1BDE736000045C9F /* menuBg.png in Resources */ = {isa = PBXBuildFile; fileRef = 09808FD71BDE736000045C9F /* menuBg.png */; };
		0980900D1BDE736000045C9F /* storeButton.png in Resources */ = {isa = PBXBuildFile; fileRef = 09808FD81BDE736000045C9F /* storeButton.png */; };
		0980900E1BDE736000045C9F /* tapToPlay.png in Resources */ = {isa = PBXBuildFile; fileRef = 09808FD91BDE736000045C9F /* tapToPlay.png */; };
		0980900F1BDE736000045C9F /* backButton.png in Resources */ = {isa = PBXBuildFile; fileRef = 09808FDB1BDE736000045C9F /* backButton.png */; };
		098090101BDE736000045C9F /* background.png in Resources */ = {isa = PBXBuildFile; fileRef = 09808FDC1BDE736000045C9F /* background.png */; };
		098090111BDE736000045C9F /* pauseButton.png in Resources */ = {isa = PBXBuildFile; fileRef = 09808FDE1BDE736000045C9F /* pauseButton.png */; };
		098090121BDE736000045C9F /* pauseContinueButton.png in Resources */ = {isa = PBXBuildFile; fileRef = 09808FDF1BDE736000045C9F /* pauseContinueButton.png */; };
		098090131BDE736000045C9F /* pauseHomeButton.png in Resources */ = {isa = PBXBuildFile; fileRef = 09808FE01BDE736000045C9F /* pauseHomeButton.png */; };
		098090141BDE736000045C9F /* pauseRestarButton.png in Resources */ = {isa = PBXBuildFile; fileRef = 09808FE11BDE736000045C9F /* pauseRestarButton.png */; };
		098090151BDE736000045C9F /* settingsBackground.png in Resources */ = {isa = PBXBuildFile; fileRef = 09808FE31BDE736000045C9F /* settingsBackground.png */; };
		098090161BDE736000045C9F /* storeBackground.png in Resources */ = {isa = PBXBuildFile; fileRef = 09808FE41BDE736000045C9F /* storeBackground.png */; };
		098090171BDE736000045C9F /* backgroundSettings.png in Resources */ = {isa = PBXBuildFile; fileRef = 09808FE61BDE736000045C9F /* backgroundSettings.png */; };
		098090181BDE736000045C9F /* settingsButton.png in Resources */ = {isa = PBXBuildFile; fileRef = 09808FE71BDE736000045C9F /* settingsButton.png */; };
		098090191BDE736000045C9F /* volumeOff.png in Resources */ = {isa = PBXBuildFile; fileRef = 09808FE81BDE736000045C9F /* volumeOff.png */; };
		0980901A1BDE736000045C9F /* volumeOn.png in Resources */ = {isa = PBXBuildFile; fileRef = 09808FE91BDE736000045C9F /* volumeOn.png */; };
		0980901B1BDE736000045C9F /* coinsCard.png in Resources */ = {isa = PBXBuildFile; fileRef = 09808FEB1BDE736000045C9F /* coinsCard.png */; };
		0980901C1BDE736000045C9F /* freeCoinsCard.png in Resources */ = {isa = PBXBuildFile; fileRef = 09808FEC1BDE736000045C9F /* freeCoinsCard.png */; };
		0980901D1BDE736000045C9F /* gemsCard.png in Resources */ = {isa = PBXBuildFile; fileRef = 09808FED1BDE736000045C9F /* gemsCard.png */; };
		0980901E1BDE736000045C9F /* atributesTable.png in Resources */ = {isa = PBXBuildFile; fileRef = 09808FEF1BDE736000045C9F /* atributesTable.png */; };
		0980901F1BDE736000045C9F /* levelStars1.png in Resources */ = {isa = PBXBuildFile; fileRef = 09808FF01BDE736000045C9F /* levelStars1.png */; };
		098090201BDE736000045C9F /* levelStars2.png in Resources */ = {isa = PBXBuildFile; fileRef = 09808FF11BDE736000045C9F /* levelStars2.png */; };
		098090211BDE736000045C9F /* levelStars3.png in Resources */ = {isa = PBXBuildFile; fileRef = 09808FF21BDE736000045C9F /* levelStars3.png */; };
		098090221BDE736000045C9F /* levelStars4.png in Resources */ = {isa = PBXBuildFile; fileRef = 09808FF31BDE736000045C9F /* levelStars4.png */; };
		098090231BDE736000045C9F /* levelStars5.png in Resources */ = {isa = PBXBuildFile; fileRef = 09808FF41BDE736000045C9F /* levelStars5.png */; };
		098090241BDE736000045C9F /* selectAtributeMessage.png in Resources */ = {isa = PBXBuildFile; fileRef = 09808FF51BDE736000045C9F /* selectAtributeMessage.png */; };
		098090251BDE736000045C9F /* trainingCenterButton.png in Resources */ = {isa = PBXBuildFile; fileRef = 09808FF61BDE736000045C9F /* trainingCenterButton.png */; };
		09A6DB7E1BE1B6A5007A77EC /* thirteen_pixel_fonts.ttf in Resources */ = {isa = PBXBuildFile; fileRef = 09A6DB7D1BE1B69C007A77EC /* thirteen_pixel_fonts.ttf */; };
		09A6DC861BE2EB24007A77EC /* diamond.png in Resources */ = {isa = PBXBuildFile; fileRef = 09A6DC851BE2EB24007A77EC /* diamond.png */; };
		09B2796E1C07D0C2008D473F /* Rhinoceros.mp3 in Resources */ = {isa = PBXBuildFile; fileRef = 09B2796D1C07D0C2008D473F /* Rhinoceros.mp3 */; };
		09CB5AB11BA8C53C006E3A64 /* Foundation.framework in Frameworks */ = {isa = PBXBuildFile; fileRef = 09CB5AB01BA8C53C006E3A64 /* Foundation.framework */; };
		09CB5AB41BA8C5A5006E3A64 /* GameKitHelper.m in Sources */ = {isa = PBXBuildFile; fileRef = 09CB5AB31BA8C5A5006E3A64 /* GameKitHelper.m */; };
		09CB5AB61BA8C5AE006E3A64 /* GameKit.framework in Frameworks */ = {isa = PBXBuildFile; fileRef = 09CB5AB51BA8C5AE006E3A64 /* GameKit.framework */; };
		09EE628A1BE4FDAC00A9B2D3 /* SpriteNode.m in Sources */ = {isa = PBXBuildFile; fileRef = 09EE62891BE4FDAC00A9B2D3 /* SpriteNode.m */; };
		674FC4921BF02C6F00B40914 /* EnemyGeneratorTests.m in Sources */ = {isa = PBXBuildFile; fileRef = 674FC4911BF02C6F00B40914 /* EnemyGeneratorTests.m */; };
		6792F7391BCF220E006030DE /* StrongEnemy.m in Sources */ = {isa = PBXBuildFile; fileRef = 6792F7381BCF220E006030DE /* StrongEnemy.m */; };
		67A4F5C31BABA3E0004DCA3C /* Projectile.m in Sources */ = {isa = PBXBuildFile; fileRef = 67A4F5C21BABA3E0004DCA3C /* Projectile.m */; };
		67C0F7791BB95DC6003A02B1 /* WeakEnemy.m in Sources */ = {isa = PBXBuildFile; fileRef = 67C0F7781BB95DC6003A02B1 /* WeakEnemy.m */; };
		67F76BA71BCF300600BA4A62 /* EnemyGenerator.m in Sources */ = {isa = PBXBuildFile; fileRef = 67F76BA61BCF300600BA4A62 /* EnemyGenerator.m */; };
		67FFA6CF1B99301C00354487 /* main.m in Sources */ = {isa = PBXBuildFile; fileRef = 67FFA6CE1B99301C00354487 /* main.m */; };
		67FFA6D21B99301C00354487 /* AppDelegate.m in Sources */ = {isa = PBXBuildFile; fileRef = 67FFA6D11B99301C00354487 /* AppDelegate.m */; };
		67FFA6D71B99301C00354487 /* GameScene.sks in Resources */ = {isa = PBXBuildFile; fileRef = 67FFA6D61B99301C00354487 /* GameScene.sks */; };
		67FFA6DA1B99301C00354487 /* GameViewController.m in Sources */ = {isa = PBXBuildFile; fileRef = 67FFA6D91B99301C00354487 /* GameViewController.m */; };
		67FFA6DD1B99301C00354487 /* Main.storyboard in Resources */ = {isa = PBXBuildFile; fileRef = 67FFA6DB1B99301C00354487 /* Main.storyboard */; };
		67FFA6DF1B99301C00354487 /* Images.xcassets in Resources */ = {isa = PBXBuildFile; fileRef = 67FFA6DE1B99301C00354487 /* Images.xcassets */; };
		67FFA6E21B99301C00354487 /* LaunchScreen.xib in Resources */ = {isa = PBXBuildFile; fileRef = 67FFA6E01B99301C00354487 /* LaunchScreen.xib */; };
		67FFA6EE1B99301C00354487 /* TecprogRunnerTests.m in Sources */ = {isa = PBXBuildFile; fileRef = 67FFA6ED1B99301C00354487 /* TecprogRunnerTests.m */; };
		6B0FD3F71BA908B800C22BD6 /* OverallScene.m in Sources */ = {isa = PBXBuildFile; fileRef = 6B0FD3F61BA908B800C22BD6 /* OverallScene.m */; };
		6B0FD3FD1BA90B4A00C22BD6 /* BackgroundLayerMenu.m in Sources */ = {isa = PBXBuildFile; fileRef = 6B0FD3FC1BA90B4A00C22BD6 /* BackgroundLayerMenu.m */; };
		6B0FD4061BA90C6900C22BD6 /* OverallControlLayer.m in Sources */ = {isa = PBXBuildFile; fileRef = 6B0FD4051BA90C6900C22BD6 /* OverallControlLayer.m */; };
		6B0FD40A1BA90D2600C22BD6 /* GameData.m in Sources */ = {isa = PBXBuildFile; fileRef = 6B0FD4091BA90D2600C22BD6 /* GameData.m */; };
		6B0FD4101BA9122900C22BD6 /* MenuLayer.m in Sources */ = {isa = PBXBuildFile; fileRef = 6B0FD40F1BA9122900C22BD6 /* MenuLayer.m */; };
		6B0FD4161BA91A3900C22BD6 /* StoreLayer.m in Sources */ = {isa = PBXBuildFile; fileRef = 6B0FD4151BA91A3900C22BD6 /* StoreLayer.m */; };
		6B0FD4191BA91AE400C22BD6 /* BackgroundLayerStore.m in Sources */ = {isa = PBXBuildFile; fileRef = 6B0FD4181BA91AE400C22BD6 /* BackgroundLayerStore.m */; };
		6B2D98DF1BB4E8C5005B342E /* SettingsLayer.m in Sources */ = {isa = PBXBuildFile; fileRef = 6B2D98DE1BB4E8C5005B342E /* SettingsLayer.m */; };
		6B2D98E21BB4E9C0005B342E /* BackgroundLayerSettings.m in Sources */ = {isa = PBXBuildFile; fileRef = 6B2D98E11BB4E9C0005B342E /* BackgroundLayerSettings.m */; };
		6B49F93C1BDD684400E7164D /* iRate.m in Sources */ = {isa = PBXBuildFile; fileRef = 6B49F93B1BDD684400E7164D /* iRate.m */; };
		6B49F9461BDD9D5A00E7164D /* PauseLayer.m in Sources */ = {isa = PBXBuildFile; fileRef = 6B49F9451BDD9D5A00E7164D /* PauseLayer.m */; };
		6BF9FB7D1BC57C33004878CC /* TrainingCenterBackground.m in Sources */ = {isa = PBXBuildFile; fileRef = 6BF9FB7C1BC57C33004878CC /* TrainingCenterBackground.m */; };
		6BF9FB801BC57C40004878CC /* TrainingCenterLayer.m in Sources */ = {isa = PBXBuildFile; fileRef = 6BF9FB7F1BC57C40004878CC /* TrainingCenterLayer.m */; };
		E913DED71BDBD0A600DB3FC9 /* Label.m in Sources */ = {isa = PBXBuildFile; fileRef = E913DED61BDBD0A600DB3FC9 /* Label.m */; };
		E92857331BA25B5500DF4959 /* GameObject.m in Sources */ = {isa = PBXBuildFile; fileRef = E92857321BA25B5500DF4959 /* GameObject.m */; };
		E92857361BA25B6B00DF4959 /* Player.m in Sources */ = {isa = PBXBuildFile; fileRef = E92857351BA25B6B00DF4959 /* Player.m */; };
		E928573D1BA25C7600DF4959 /* Enemy.m in Sources */ = {isa = PBXBuildFile; fileRef = E928573C1BA25C7600DF4959 /* Enemy.m */; };
		E92857431BA25CF500DF4959 /* GameLayer.m in Sources */ = {isa = PBXBuildFile; fileRef = E92857421BA25CF500DF4959 /* GameLayer.m */; };
		E92857461BA25D0300DF4959 /* HudLayer.m in Sources */ = {isa = PBXBuildFile; fileRef = E92857451BA25D0300DF4959 /* HudLayer.m */; };
		E92857491BA25D1100DF4959 /* BackgroundLayer.m in Sources */ = {isa = PBXBuildFile; fileRef = E92857481BA25D1100DF4959 /* BackgroundLayer.m */; };
		E93489161BC7FDBA0038CCF1 /* PhysicsController.m in Sources */ = {isa = PBXBuildFile; fileRef = E93489151BC7FDBA0038CCF1 /* PhysicsController.m */; };
		E93489171BC7FDBA0038CCF1 /* PhysicsController.m in Sources */ = {isa = PBXBuildFile; fileRef = E93489151BC7FDBA0038CCF1 /* PhysicsController.m */; };
		E9A1D9A11BECCDE2008508BB /* TileGenerator.m in Sources */ = {isa = PBXBuildFile; fileRef = E9A1D9A01BECCDE2008508BB /* TileGenerator.m */; };
		E9A1D9A21BECCDE2008508BB /* TileGenerator.m in Sources */ = {isa = PBXBuildFile; fileRef = E9A1D9A01BECCDE2008508BB /* TileGenerator.m */; };
		E9A1D9A61BECCE32008508BB /* Tile.m in Sources */ = {isa = PBXBuildFile; fileRef = E9A1D9A51BECCE32008508BB /* Tile.m */; };
		E9A1D9A71BECCE32008508BB /* Tile.m in Sources */ = {isa = PBXBuildFile; fileRef = E9A1D9A51BECCE32008508BB /* Tile.m */; };
		E9A1D9A91BECD5E3008508BB /* TileGeneratorTests.m in Sources */ = {isa = PBXBuildFile; fileRef = E9A1D9A81BECD5E3008508BB /* TileGeneratorTests.m */; };
		E9BEBB141C05DF33001307C0 /* GameEntity.m in Sources */ = {isa = PBXBuildFile; fileRef = E9BEBB131C05DF33001307C0 /* GameEntity.m */; };
/* End PBXBuildFile section */

/* Begin PBXContainerItemProxy section */
		67FFA6E81B99301C00354487 /* PBXContainerItemProxy */ = {
			isa = PBXContainerItemProxy;
			containerPortal = 67FFA6C11B99301C00354487 /* Project object */;
			proxyType = 1;
			remoteGlobalIDString = 67FFA6C81B99301C00354487;
			remoteInfo = TecprogRunner;
		};
/* End PBXContainerItemProxy section */

/* Begin PBXFileReference section */
		09235A171BFBE0BD0005EB53 /* GameObjectTests.m */ = {isa = PBXFileReference; fileEncoding = 4; lastKnownFileType = sourcecode.c.objc; path = GameObjectTests.m; sourceTree = "<group>"; };
		093A62D41BB46A6200BF2074 /* PhysicsCategories.h */ = {isa = PBXFileReference; lastKnownFileType = sourcecode.c.h; path = PhysicsCategories.h; sourceTree = "<group>"; };
		093A62D61BB46C4F00BF2074 /* Coin.h */ = {isa = PBXFileReference; fileEncoding = 4; lastKnownFileType = sourcecode.c.h; path = Coin.h; sourceTree = "<group>"; };
		093A62D71BB46C4F00BF2074 /* Coin.m */ = {isa = PBXFileReference; fileEncoding = 4; lastKnownFileType = sourcecode.c.objc; path = Coin.m; sourceTree = "<group>"; };
		09808FBD1BDE736000045C9F /* enemyIdle1.png */ = {isa = PBXFileReference; lastKnownFileType = image.png; path = enemyIdle1.png; sourceTree = "<group>"; };
		09808FBE1BDE736000045C9F /* enemyIdle2.png */ = {isa = PBXFileReference; lastKnownFileType = image.png; path = enemyIdle2.png; sourceTree = "<group>"; };
		09808FC01BDE736000045C9F /* playerFalling1.png */ = {isa = PBXFileReference; lastKnownFileType = image.png; path = playerFalling1.png; sourceTree = "<group>"; };
		09808FC11BDE736000045C9F /* playerJumping1.png */ = {isa = PBXFileReference; lastKnownFileType = image.png; path = playerJumping1.png; sourceTree = "<group>"; };
		09808FC21BDE736000045C9F /* playerRunning1.png */ = {isa = PBXFileReference; lastKnownFileType = image.png; path = playerRunning1.png; sourceTree = "<group>"; };
		09808FC31BDE736000045C9F /* playerRunning2.png */ = {isa = PBXFileReference; lastKnownFileType = image.png; path = playerRunning2.png; sourceTree = "<group>"; };
		09808FC41BDE736000045C9F /* playerRunning3.png */ = {isa = PBXFileReference; lastKnownFileType = image.png; path = playerRunning3.png; sourceTree = "<group>"; };
		09808FC51BDE736000045C9F /* playerRunning4.png */ = {isa = PBXFileReference; lastKnownFileType = image.png; path = playerRunning4.png; sourceTree = "<group>"; };
		09808FC61BDE736000045C9F /* playerRunning5.png */ = {isa = PBXFileReference; lastKnownFileType = image.png; path = playerRunning5.png; sourceTree = "<group>"; };
		09808FC71BDE736000045C9F /* playerRunning6.png */ = {isa = PBXFileReference; lastKnownFileType = image.png; path = playerRunning6.png; sourceTree = "<group>"; };
		09808FC91BDE736000045C9F /* weakEnemyIdle1.png */ = {isa = PBXFileReference; lastKnownFileType = image.png; path = weakEnemyIdle1.png; sourceTree = "<group>"; };
		09808FCA1BDE736000045C9F /* weakEnemyIdle2.png */ = {isa = PBXFileReference; lastKnownFileType = image.png; path = weakEnemyIdle2.png; sourceTree = "<group>"; };
		09808FCC1BDE736000045C9F /* Coin1.png */ = {isa = PBXFileReference; lastKnownFileType = image.png; path = Coin1.png; sourceTree = "<group>"; };
		09808FCD1BDE736000045C9F /* Coin2.png */ = {isa = PBXFileReference; lastKnownFileType = image.png; path = Coin2.png; sourceTree = "<group>"; };
		09808FCE1BDE736000045C9F /* Coin3.png */ = {isa = PBXFileReference; lastKnownFileType = image.png; path = Coin3.png; sourceTree = "<group>"; };
		09808FCF1BDE736000045C9F /* Coin4.png */ = {isa = PBXFileReference; lastKnownFileType = image.png; path = Coin4.png; sourceTree = "<group>"; };
		09808FD01BDE736000045C9F /* Coin5.png */ = {isa = PBXFileReference; lastKnownFileType = image.png; path = Coin5.png; sourceTree = "<group>"; };
		09808FD11BDE736000045C9F /* Coin6.png */ = {isa = PBXFileReference; lastKnownFileType = image.png; path = Coin6.png; sourceTree = "<group>"; };
		09808FD31BDE736000045C9F /* background_Clouds.png */ = {isa = PBXFileReference; lastKnownFileType = image.png; path = background_Clouds.png; sourceTree = "<group>"; };
		09808FD41BDE736000045C9F /* projectile.png */ = {isa = PBXFileReference; lastKnownFileType = image.png; path = projectile.png; sourceTree = "<group>"; };
		09808FD61BDE736000045C9F /* gameCenterButton.png */ = {isa = PBXFileReference; lastKnownFileType = image.png; path = gameCenterButton.png; sourceTree = "<group>"; };
		09808FD71BDE736000045C9F /* menuBg.png */ = {isa = PBXFileReference; lastKnownFileType = image.png; path = menuBg.png; sourceTree = "<group>"; };
		09808FD81BDE736000045C9F /* storeButton.png */ = {isa = PBXFileReference; lastKnownFileType = image.png; path = storeButton.png; sourceTree = "<group>"; };
		09808FD91BDE736000045C9F /* tapToPlay.png */ = {isa = PBXFileReference; lastKnownFileType = image.png; path = tapToPlay.png; sourceTree = "<group>"; };
		09808FDB1BDE736000045C9F /* backButton.png */ = {isa = PBXFileReference; lastKnownFileType = image.png; path = backButton.png; sourceTree = "<group>"; };
		09808FDC1BDE736000045C9F /* background.png */ = {isa = PBXFileReference; lastKnownFileType = image.png; path = background.png; sourceTree = "<group>"; };
		09808FDE1BDE736000045C9F /* pauseButton.png */ = {isa = PBXFileReference; lastKnownFileType = image.png; path = pauseButton.png; sourceTree = "<group>"; };
		09808FDF1BDE736000045C9F /* pauseContinueButton.png */ = {isa = PBXFileReference; lastKnownFileType = image.png; path = pauseContinueButton.png; sourceTree = "<group>"; };
		09808FE01BDE736000045C9F /* pauseHomeButton.png */ = {isa = PBXFileReference; lastKnownFileType = image.png; path = pauseHomeButton.png; sourceTree = "<group>"; };
		09808FE11BDE736000045C9F /* pauseRestarButton.png */ = {isa = PBXFileReference; lastKnownFileType = image.png; path = pauseRestarButton.png; sourceTree = "<group>"; };
		09808FE31BDE736000045C9F /* settingsBackground.png */ = {isa = PBXFileReference; lastKnownFileType = image.png; path = settingsBackground.png; sourceTree = "<group>"; };
		09808FE41BDE736000045C9F /* storeBackground.png */ = {isa = PBXFileReference; lastKnownFileType = image.png; path = storeBackground.png; sourceTree = "<group>"; };
		09808FE61BDE736000045C9F /* backgroundSettings.png */ = {isa = PBXFileReference; lastKnownFileType = image.png; path = backgroundSettings.png; sourceTree = "<group>"; };
		09808FE71BDE736000045C9F /* settingsButton.png */ = {isa = PBXFileReference; lastKnownFileType = image.png; path = settingsButton.png; sourceTree = "<group>"; };
		09808FE81BDE736000045C9F /* volumeOff.png */ = {isa = PBXFileReference; lastKnownFileType = image.png; path = volumeOff.png; sourceTree = "<group>"; };
		09808FE91BDE736000045C9F /* volumeOn.png */ = {isa = PBXFileReference; lastKnownFileType = image.png; path = volumeOn.png; sourceTree = "<group>"; };
		09808FEB1BDE736000045C9F /* coinsCard.png */ = {isa = PBXFileReference; lastKnownFileType = image.png; path = coinsCard.png; sourceTree = "<group>"; };
		09808FEC1BDE736000045C9F /* freeCoinsCard.png */ = {isa = PBXFileReference; lastKnownFileType = image.png; path = freeCoinsCard.png; sourceTree = "<group>"; };
		09808FED1BDE736000045C9F /* gemsCard.png */ = {isa = PBXFileReference; lastKnownFileType = image.png; path = gemsCard.png; sourceTree = "<group>"; };
		09808FEF1BDE736000045C9F /* atributesTable.png */ = {isa = PBXFileReference; lastKnownFileType = image.png; path = atributesTable.png; sourceTree = "<group>"; };
		09808FF01BDE736000045C9F /* levelStars1.png */ = {isa = PBXFileReference; lastKnownFileType = image.png; path = levelStars1.png; sourceTree = "<group>"; };
		09808FF11BDE736000045C9F /* levelStars2.png */ = {isa = PBXFileReference; lastKnownFileType = image.png; path = levelStars2.png; sourceTree = "<group>"; };
		09808FF21BDE736000045C9F /* levelStars3.png */ = {isa = PBXFileReference; lastKnownFileType = image.png; path = levelStars3.png; sourceTree = "<group>"; };
		09808FF31BDE736000045C9F /* levelStars4.png */ = {isa = PBXFileReference; lastKnownFileType = image.png; path = levelStars4.png; sourceTree = "<group>"; };
		09808FF41BDE736000045C9F /* levelStars5.png */ = {isa = PBXFileReference; lastKnownFileType = image.png; path = levelStars5.png; sourceTree = "<group>"; };
		09808FF51BDE736000045C9F /* selectAtributeMessage.png */ = {isa = PBXFileReference; lastKnownFileType = image.png; path = selectAtributeMessage.png; sourceTree = "<group>"; };
		09808FF61BDE736000045C9F /* trainingCenterButton.png */ = {isa = PBXFileReference; lastKnownFileType = image.png; path = trainingCenterButton.png; sourceTree = "<group>"; };
		09A6DB7D1BE1B69C007A77EC /* thirteen_pixel_fonts.ttf */ = {isa = PBXFileReference; lastKnownFileType = file; path = thirteen_pixel_fonts.ttf; sourceTree = "<group>"; };
		09A6DC851BE2EB24007A77EC /* diamond.png */ = {isa = PBXFileReference; lastKnownFileType = image.png; path = diamond.png; sourceTree = "<group>"; };
		09B2796D1C07D0C2008D473F /* Rhinoceros.mp3 */ = {isa = PBXFileReference; lastKnownFileType = audio.mp3; path = Rhinoceros.mp3; sourceTree = "<group>"; };
		09CB5AB01BA8C53C006E3A64 /* Foundation.framework */ = {isa = PBXFileReference; lastKnownFileType = wrapper.framework; name = Foundation.framework; path = System/Library/Frameworks/Foundation.framework; sourceTree = SDKROOT; };
		09CB5AB21BA8C5A5006E3A64 /* GameKitHelper.h */ = {isa = PBXFileReference; fileEncoding = 4; lastKnownFileType = sourcecode.c.h; path = GameKitHelper.h; sourceTree = "<group>"; };
		09CB5AB31BA8C5A5006E3A64 /* GameKitHelper.m */ = {isa = PBXFileReference; fileEncoding = 4; lastKnownFileType = sourcecode.c.objc; path = GameKitHelper.m; sourceTree = "<group>"; };
		09CB5AB51BA8C5AE006E3A64 /* GameKit.framework */ = {isa = PBXFileReference; lastKnownFileType = wrapper.framework; name = GameKit.framework; path = System/Library/Frameworks/GameKit.framework; sourceTree = SDKROOT; };
		09EE62881BE4FDAC00A9B2D3 /* SpriteNode.h */ = {isa = PBXFileReference; fileEncoding = 4; lastKnownFileType = sourcecode.c.h; path = SpriteNode.h; sourceTree = "<group>"; };
		09EE62891BE4FDAC00A9B2D3 /* SpriteNode.m */ = {isa = PBXFileReference; fileEncoding = 4; lastKnownFileType = sourcecode.c.objc; path = SpriteNode.m; sourceTree = "<group>"; };
		674FC4911BF02C6F00B40914 /* EnemyGeneratorTests.m */ = {isa = PBXFileReference; fileEncoding = 4; lastKnownFileType = sourcecode.c.objc; path = EnemyGeneratorTests.m; sourceTree = "<group>"; };
		6792F7371BCF220E006030DE /* StrongEnemy.h */ = {isa = PBXFileReference; fileEncoding = 4; lastKnownFileType = sourcecode.c.h; path = StrongEnemy.h; sourceTree = "<group>"; };
		6792F7381BCF220E006030DE /* StrongEnemy.m */ = {isa = PBXFileReference; fileEncoding = 4; lastKnownFileType = sourcecode.c.objc; path = StrongEnemy.m; sourceTree = "<group>"; };
		67A4F5C11BABA3E0004DCA3C /* Projectile.h */ = {isa = PBXFileReference; fileEncoding = 4; lastKnownFileType = sourcecode.c.h; path = Projectile.h; sourceTree = "<group>"; };
		67A4F5C21BABA3E0004DCA3C /* Projectile.m */ = {isa = PBXFileReference; fileEncoding = 4; lastKnownFileType = sourcecode.c.objc; path = Projectile.m; sourceTree = "<group>"; };
		67C0F7771BB95DC6003A02B1 /* WeakEnemy.h */ = {isa = PBXFileReference; fileEncoding = 4; lastKnownFileType = sourcecode.c.h; path = WeakEnemy.h; sourceTree = "<group>"; };
		67C0F7781BB95DC6003A02B1 /* WeakEnemy.m */ = {isa = PBXFileReference; fileEncoding = 4; lastKnownFileType = sourcecode.c.objc; path = WeakEnemy.m; sourceTree = "<group>"; };
		67F76BA51BCF300600BA4A62 /* EnemyGenerator.h */ = {isa = PBXFileReference; fileEncoding = 4; lastKnownFileType = sourcecode.c.h; path = EnemyGenerator.h; sourceTree = "<group>"; };
		67F76BA61BCF300600BA4A62 /* EnemyGenerator.m */ = {isa = PBXFileReference; fileEncoding = 4; lastKnownFileType = sourcecode.c.objc; path = EnemyGenerator.m; sourceTree = "<group>"; };
		67FFA6C91B99301C00354487 /* TecprogRunner.app */ = {isa = PBXFileReference; explicitFileType = wrapper.application; includeInIndex = 0; path = TecprogRunner.app; sourceTree = BUILT_PRODUCTS_DIR; };
		67FFA6CD1B99301C00354487 /* Info.plist */ = {isa = PBXFileReference; lastKnownFileType = text.plist.xml; path = Info.plist; sourceTree = "<group>"; };
		67FFA6CE1B99301C00354487 /* main.m */ = {isa = PBXFileReference; lastKnownFileType = sourcecode.c.objc; path = main.m; sourceTree = "<group>"; };
		67FFA6D01B99301C00354487 /* AppDelegate.h */ = {isa = PBXFileReference; lastKnownFileType = sourcecode.c.h; path = AppDelegate.h; sourceTree = "<group>"; };
		67FFA6D11B99301C00354487 /* AppDelegate.m */ = {isa = PBXFileReference; lastKnownFileType = sourcecode.c.objc; path = AppDelegate.m; sourceTree = "<group>"; };
		67FFA6D61B99301C00354487 /* GameScene.sks */ = {isa = PBXFileReference; lastKnownFileType = file.sks; path = GameScene.sks; sourceTree = "<group>"; };
		67FFA6D81B99301C00354487 /* GameViewController.h */ = {isa = PBXFileReference; lastKnownFileType = sourcecode.c.h; path = GameViewController.h; sourceTree = "<group>"; };
		67FFA6D91B99301C00354487 /* GameViewController.m */ = {isa = PBXFileReference; lastKnownFileType = sourcecode.c.objc; path = GameViewController.m; sourceTree = "<group>"; };
		67FFA6DC1B99301C00354487 /* Base */ = {isa = PBXFileReference; lastKnownFileType = file.storyboard; name = Base; path = Base.lproj/Main.storyboard; sourceTree = "<group>"; };
		67FFA6DE1B99301C00354487 /* Images.xcassets */ = {isa = PBXFileReference; lastKnownFileType = folder.assetcatalog; path = Images.xcassets; sourceTree = "<group>"; };
		67FFA6E11B99301C00354487 /* Base */ = {isa = PBXFileReference; lastKnownFileType = file.xib; name = Base; path = Base.lproj/LaunchScreen.xib; sourceTree = "<group>"; };
		67FFA6E71B99301C00354487 /* TecprogRunnerTests.xctest */ = {isa = PBXFileReference; explicitFileType = wrapper.cfbundle; includeInIndex = 0; path = TecprogRunnerTests.xctest; sourceTree = BUILT_PRODUCTS_DIR; };
		67FFA6EC1B99301C00354487 /* Info.plist */ = {isa = PBXFileReference; lastKnownFileType = text.plist.xml; path = Info.plist; sourceTree = "<group>"; };
		67FFA6ED1B99301C00354487 /* TecprogRunnerTests.m */ = {isa = PBXFileReference; lastKnownFileType = sourcecode.c.objc; path = TecprogRunnerTests.m; sourceTree = "<group>"; };
		6B0FD3F51BA908B800C22BD6 /* OverallScene.h */ = {isa = PBXFileReference; fileEncoding = 4; lastKnownFileType = sourcecode.c.h; path = OverallScene.h; sourceTree = "<group>"; };
		6B0FD3F61BA908B800C22BD6 /* OverallScene.m */ = {isa = PBXFileReference; fileEncoding = 4; lastKnownFileType = sourcecode.c.objc; path = OverallScene.m; sourceTree = "<group>"; };
		6B0FD3FB1BA90B4A00C22BD6 /* BackgroundLayerMenu.h */ = {isa = PBXFileReference; fileEncoding = 4; lastKnownFileType = sourcecode.c.h; path = BackgroundLayerMenu.h; sourceTree = "<group>"; };
		6B0FD3FC1BA90B4A00C22BD6 /* BackgroundLayerMenu.m */ = {isa = PBXFileReference; fileEncoding = 4; lastKnownFileType = sourcecode.c.objc; path = BackgroundLayerMenu.m; sourceTree = "<group>"; };
		6B0FD4041BA90C6900C22BD6 /* OverallControlLayer.h */ = {isa = PBXFileReference; fileEncoding = 4; lastKnownFileType = sourcecode.c.h; path = OverallControlLayer.h; sourceTree = "<group>"; };
		6B0FD4051BA90C6900C22BD6 /* OverallControlLayer.m */ = {isa = PBXFileReference; fileEncoding = 4; lastKnownFileType = sourcecode.c.objc; path = OverallControlLayer.m; sourceTree = "<group>"; };
		6B0FD4081BA90D2600C22BD6 /* GameData.h */ = {isa = PBXFileReference; fileEncoding = 4; lastKnownFileType = sourcecode.c.h; path = GameData.h; sourceTree = "<group>"; };
		6B0FD4091BA90D2600C22BD6 /* GameData.m */ = {isa = PBXFileReference; fileEncoding = 4; lastKnownFileType = sourcecode.c.objc; path = GameData.m; sourceTree = "<group>"; };
		6B0FD40E1BA9122900C22BD6 /* MenuLayer.h */ = {isa = PBXFileReference; fileEncoding = 4; lastKnownFileType = sourcecode.c.h; path = MenuLayer.h; sourceTree = "<group>"; };
		6B0FD40F1BA9122900C22BD6 /* MenuLayer.m */ = {isa = PBXFileReference; fileEncoding = 4; lastKnownFileType = sourcecode.c.objc; path = MenuLayer.m; sourceTree = "<group>"; };
		6B0FD4141BA91A3900C22BD6 /* StoreLayer.h */ = {isa = PBXFileReference; fileEncoding = 4; lastKnownFileType = sourcecode.c.h; path = StoreLayer.h; sourceTree = "<group>"; };
		6B0FD4151BA91A3900C22BD6 /* StoreLayer.m */ = {isa = PBXFileReference; fileEncoding = 4; lastKnownFileType = sourcecode.c.objc; path = StoreLayer.m; sourceTree = "<group>"; };
		6B0FD4171BA91AE400C22BD6 /* BackgroundLayerStore.h */ = {isa = PBXFileReference; fileEncoding = 4; lastKnownFileType = sourcecode.c.h; path = BackgroundLayerStore.h; sourceTree = "<group>"; };
		6B0FD4181BA91AE400C22BD6 /* BackgroundLayerStore.m */ = {isa = PBXFileReference; fileEncoding = 4; lastKnownFileType = sourcecode.c.objc; path = BackgroundLayerStore.m; sourceTree = "<group>"; };
		6B2D98DD1BB4E8C5005B342E /* SettingsLayer.h */ = {isa = PBXFileReference; fileEncoding = 4; lastKnownFileType = sourcecode.c.h; path = SettingsLayer.h; sourceTree = "<group>"; };
		6B2D98DE1BB4E8C5005B342E /* SettingsLayer.m */ = {isa = PBXFileReference; fileEncoding = 4; lastKnownFileType = sourcecode.c.objc; path = SettingsLayer.m; sourceTree = "<group>"; };
		6B2D98E01BB4E9C0005B342E /* BackgroundLayerSettings.h */ = {isa = PBXFileReference; fileEncoding = 4; lastKnownFileType = sourcecode.c.h; path = BackgroundLayerSettings.h; sourceTree = "<group>"; };
		6B2D98E11BB4E9C0005B342E /* BackgroundLayerSettings.m */ = {isa = PBXFileReference; fileEncoding = 4; lastKnownFileType = sourcecode.c.objc; path = BackgroundLayerSettings.m; sourceTree = "<group>"; };
		6B49F93A1BDD684400E7164D /* iRate.h */ = {isa = PBXFileReference; fileEncoding = 4; lastKnownFileType = sourcecode.c.h; path = iRate.h; sourceTree = "<group>"; };
		6B49F93B1BDD684400E7164D /* iRate.m */ = {isa = PBXFileReference; fileEncoding = 4; lastKnownFileType = sourcecode.c.objc; path = iRate.m; sourceTree = "<group>"; };
		6B49F9441BDD9D5A00E7164D /* PauseLayer.h */ = {isa = PBXFileReference; fileEncoding = 4; lastKnownFileType = sourcecode.c.h; path = PauseLayer.h; sourceTree = "<group>"; };
		6B49F9451BDD9D5A00E7164D /* PauseLayer.m */ = {isa = PBXFileReference; fileEncoding = 4; lastKnownFileType = sourcecode.c.objc; path = PauseLayer.m; sourceTree = "<group>"; };
		6BF9FB7B1BC57C33004878CC /* TrainingCenterBackground.h */ = {isa = PBXFileReference; fileEncoding = 4; lastKnownFileType = sourcecode.c.h; path = TrainingCenterBackground.h; sourceTree = "<group>"; };
		6BF9FB7C1BC57C33004878CC /* TrainingCenterBackground.m */ = {isa = PBXFileReference; fileEncoding = 4; lastKnownFileType = sourcecode.c.objc; path = TrainingCenterBackground.m; sourceTree = "<group>"; };
		6BF9FB7E1BC57C40004878CC /* TrainingCenterLayer.h */ = {isa = PBXFileReference; fileEncoding = 4; lastKnownFileType = sourcecode.c.h; path = TrainingCenterLayer.h; sourceTree = "<group>"; };
		6BF9FB7F1BC57C40004878CC /* TrainingCenterLayer.m */ = {isa = PBXFileReference; fileEncoding = 4; lastKnownFileType = sourcecode.c.objc; path = TrainingCenterLayer.m; sourceTree = "<group>"; };
		E913DED51BDBD0A600DB3FC9 /* Label.h */ = {isa = PBXFileReference; fileEncoding = 4; lastKnownFileType = sourcecode.c.h; path = Label.h; sourceTree = "<group>"; };
		E913DED61BDBD0A600DB3FC9 /* Label.m */ = {isa = PBXFileReference; fileEncoding = 4; lastKnownFileType = sourcecode.c.objc; path = Label.m; sourceTree = "<group>"; };
		E92857311BA25B5500DF4959 /* GameObject.h */ = {isa = PBXFileReference; fileEncoding = 4; lastKnownFileType = sourcecode.c.h; path = GameObject.h; sourceTree = "<group>"; };
		E92857321BA25B5500DF4959 /* GameObject.m */ = {isa = PBXFileReference; fileEncoding = 4; lastKnownFileType = sourcecode.c.objc; path = GameObject.m; sourceTree = "<group>"; };
		E92857341BA25B6B00DF4959 /* Player.h */ = {isa = PBXFileReference; fileEncoding = 4; lastKnownFileType = sourcecode.c.h; path = Player.h; sourceTree = "<group>"; };
		E92857351BA25B6B00DF4959 /* Player.m */ = {isa = PBXFileReference; fileEncoding = 4; lastKnownFileType = sourcecode.c.objc; path = Player.m; sourceTree = "<group>"; };
		E928573B1BA25C7600DF4959 /* Enemy.h */ = {isa = PBXFileReference; fileEncoding = 4; lastKnownFileType = sourcecode.c.h; path = Enemy.h; sourceTree = "<group>"; };
		E928573C1BA25C7600DF4959 /* Enemy.m */ = {isa = PBXFileReference; fileEncoding = 4; lastKnownFileType = sourcecode.c.objc; path = Enemy.m; sourceTree = "<group>"; };
		E92857411BA25CF500DF4959 /* GameLayer.h */ = {isa = PBXFileReference; fileEncoding = 4; lastKnownFileType = sourcecode.c.h; path = GameLayer.h; sourceTree = "<group>"; };
		E92857421BA25CF500DF4959 /* GameLayer.m */ = {isa = PBXFileReference; fileEncoding = 4; lastKnownFileType = sourcecode.c.objc; path = GameLayer.m; sourceTree = "<group>"; };
		E92857441BA25D0300DF4959 /* HudLayer.h */ = {isa = PBXFileReference; fileEncoding = 4; lastKnownFileType = sourcecode.c.h; path = HudLayer.h; sourceTree = "<group>"; };
		E92857451BA25D0300DF4959 /* HudLayer.m */ = {isa = PBXFileReference; fileEncoding = 4; lastKnownFileType = sourcecode.c.objc; path = HudLayer.m; sourceTree = "<group>"; };
		E92857471BA25D1100DF4959 /* BackgroundLayer.h */ = {isa = PBXFileReference; fileEncoding = 4; lastKnownFileType = sourcecode.c.h; path = BackgroundLayer.h; sourceTree = "<group>"; };
		E92857481BA25D1100DF4959 /* BackgroundLayer.m */ = {isa = PBXFileReference; fileEncoding = 4; lastKnownFileType = sourcecode.c.objc; path = BackgroundLayer.m; sourceTree = "<group>"; };
		E92857511BA320AA00DF4959 /* BasicLayer.h */ = {isa = PBXFileReference; fileEncoding = 4; lastKnownFileType = sourcecode.c.h; path = BasicLayer.h; sourceTree = "<group>"; };
		E93489141BC7FDBA0038CCF1 /* PhysicsController.h */ = {isa = PBXFileReference; fileEncoding = 4; lastKnownFileType = sourcecode.c.h; path = PhysicsController.h; sourceTree = "<group>"; };
		E93489151BC7FDBA0038CCF1 /* PhysicsController.m */ = {isa = PBXFileReference; fileEncoding = 4; lastKnownFileType = sourcecode.c.objc; path = PhysicsController.m; sourceTree = "<group>"; };
		E93489181BC801690038CCF1 /* GlobalHeaders.h */ = {isa = PBXFileReference; fileEncoding = 4; lastKnownFileType = sourcecode.c.h; path = GlobalHeaders.h; sourceTree = "<group>"; };
		E9A1D99F1BECCDE2008508BB /* TileGenerator.h */ = {isa = PBXFileReference; fileEncoding = 4; lastKnownFileType = sourcecode.c.h; path = TileGenerator.h; sourceTree = "<group>"; };
		E9A1D9A01BECCDE2008508BB /* TileGenerator.m */ = {isa = PBXFileReference; fileEncoding = 4; lastKnownFileType = sourcecode.c.objc; path = TileGenerator.m; sourceTree = "<group>"; };
		E9A1D9A41BECCE32008508BB /* Tile.h */ = {isa = PBXFileReference; fileEncoding = 4; lastKnownFileType = sourcecode.c.h; path = Tile.h; sourceTree = "<group>"; };
		E9A1D9A51BECCE32008508BB /* Tile.m */ = {isa = PBXFileReference; fileEncoding = 4; lastKnownFileType = sourcecode.c.objc; path = Tile.m; sourceTree = "<group>"; };
		E9A1D9A81BECD5E3008508BB /* TileGeneratorTests.m */ = {isa = PBXFileReference; fileEncoding = 4; lastKnownFileType = sourcecode.c.objc; path = TileGeneratorTests.m; sourceTree = "<group>"; };
		E9BEBB121C05DF33001307C0 /* GameEntity.h */ = {isa = PBXFileReference; fileEncoding = 4; lastKnownFileType = sourcecode.c.h; path = GameEntity.h; sourceTree = "<group>"; };
		E9BEBB131C05DF33001307C0 /* GameEntity.m */ = {isa = PBXFileReference; fileEncoding = 4; lastKnownFileType = sourcecode.c.objc; path = GameEntity.m; sourceTree = "<group>"; };
/* End PBXFileReference section */

/* Begin PBXFrameworksBuildPhase section */
		67FFA6C61B99301C00354487 /* Frameworks */ = {
			isa = PBXFrameworksBuildPhase;
			buildActionMask = 2147483647;
			files = (
				09CB5AB61BA8C5AE006E3A64 /* GameKit.framework in Frameworks */,
				09CB5AB11BA8C53C006E3A64 /* Foundation.framework in Frameworks */,
			);
			runOnlyForDeploymentPostprocessing = 0;
		};
		67FFA6E41B99301C00354487 /* Frameworks */ = {
			isa = PBXFrameworksBuildPhase;
			buildActionMask = 2147483647;
			files = (
			);
			runOnlyForDeploymentPostprocessing = 0;
		};
/* End PBXFrameworksBuildPhase section */

/* Begin PBXGroup section */
		093A62D51BB46A6A00BF2074 /* PhysicsCategories */ = {
			isa = PBXGroup;
			children = (
				093A62D41BB46A6200BF2074 /* PhysicsCategories.h */,
			);
			name = PhysicsCategories;
			sourceTree = "<group>";
		};
		093A62D91BB46C5D00BF2074 /* Coin */ = {
			isa = PBXGroup;
			children = (
				093A62D61BB46C4F00BF2074 /* Coin.h */,
				093A62D71BB46C4F00BF2074 /* Coin.m */,
			);
			name = Coin;
			sourceTree = "<group>";
		};
		09808FBA1BDE736000045C9F /* Images */ = {
			isa = PBXGroup;
			children = (
				09808FBB1BDE736000045C9F /* Characters */,
				09808FCB1BDE736000045C9F /* Coin */,
				09808FD21BDE736000045C9F /* Game */,
				09808FD51BDE736000045C9F /* Menu */,
				09808FDA1BDE736000045C9F /* Overall */,
				09808FDD1BDE736000045C9F /* Pause */,
				09808FE21BDE736000045C9F /* Placeholders */,
				09808FE51BDE736000045C9F /* Settings */,
				09808FEA1BDE736000045C9F /* Store */,
				09808FEE1BDE736000045C9F /* Training center */,
			);
			path = Images;
			sourceTree = SOURCE_ROOT;
		};
		09808FBB1BDE736000045C9F /* Characters */ = {
			isa = PBXGroup;
			children = (
				09808FBC1BDE736000045C9F /* Enemy */,
				09808FBF1BDE736000045C9F /* Player */,
				09808FC81BDE736000045C9F /* WeakEnemy */,
			);
			path = Characters;
			sourceTree = "<group>";
		};
		09808FBC1BDE736000045C9F /* Enemy */ = {
			isa = PBXGroup;
			children = (
				09808FBD1BDE736000045C9F /* enemyIdle1.png */,
				09808FBE1BDE736000045C9F /* enemyIdle2.png */,
			);
			path = Enemy;
			sourceTree = "<group>";
		};
		09808FBF1BDE736000045C9F /* Player */ = {
			isa = PBXGroup;
			children = (
				09808FC01BDE736000045C9F /* playerFalling1.png */,
				09808FC11BDE736000045C9F /* playerJumping1.png */,
				09808FC21BDE736000045C9F /* playerRunning1.png */,
				09808FC31BDE736000045C9F /* playerRunning2.png */,
				09808FC41BDE736000045C9F /* playerRunning3.png */,
				09808FC51BDE736000045C9F /* playerRunning4.png */,
				09808FC61BDE736000045C9F /* playerRunning5.png */,
				09808FC71BDE736000045C9F /* playerRunning6.png */,
			);
			path = Player;
			sourceTree = "<group>";
		};
		09808FC81BDE736000045C9F /* WeakEnemy */ = {
			isa = PBXGroup;
			children = (
				09808FC91BDE736000045C9F /* weakEnemyIdle1.png */,
				09808FCA1BDE736000045C9F /* weakEnemyIdle2.png */,
			);
			path = WeakEnemy;
			sourceTree = "<group>";
		};
		09808FCB1BDE736000045C9F /* Coin */ = {
			isa = PBXGroup;
			children = (
				09808FCC1BDE736000045C9F /* Coin1.png */,
				09808FCD1BDE736000045C9F /* Coin2.png */,
				09808FCE1BDE736000045C9F /* Coin3.png */,
				09808FCF1BDE736000045C9F /* Coin4.png */,
				09808FD01BDE736000045C9F /* Coin5.png */,
				09808FD11BDE736000045C9F /* Coin6.png */,
			);
			path = Coin;
			sourceTree = "<group>";
		};
		09808FD21BDE736000045C9F /* Game */ = {
			isa = PBXGroup;
			children = (
				09808FD31BDE736000045C9F /* background_Clouds.png */,
				09808FD41BDE736000045C9F /* projectile.png */,
			);
			path = Game;
			sourceTree = "<group>";
		};
		09808FD51BDE736000045C9F /* Menu */ = {
			isa = PBXGroup;
			children = (
				09808FD61BDE736000045C9F /* gameCenterButton.png */,
				09808FD71BDE736000045C9F /* menuBg.png */,
				09808FD81BDE736000045C9F /* storeButton.png */,
				09808FD91BDE736000045C9F /* tapToPlay.png */,
			);
			path = Menu;
			sourceTree = "<group>";
		};
		09808FDA1BDE736000045C9F /* Overall */ = {
			isa = PBXGroup;
			children = (
				09808FDB1BDE736000045C9F /* backButton.png */,
				09808FDC1BDE736000045C9F /* background.png */,
			);
			path = Overall;
			sourceTree = "<group>";
		};
		09808FDD1BDE736000045C9F /* Pause */ = {
			isa = PBXGroup;
			children = (
				09808FDE1BDE736000045C9F /* pauseButton.png */,
				09808FDF1BDE736000045C9F /* pauseContinueButton.png */,
				09808FE01BDE736000045C9F /* pauseHomeButton.png */,
				09808FE11BDE736000045C9F /* pauseRestarButton.png */,
			);
			path = Pause;
			sourceTree = "<group>";
		};
		09808FE21BDE736000045C9F /* Placeholders */ = {
			isa = PBXGroup;
			children = (
				09808FE31BDE736000045C9F /* settingsBackground.png */,
				09808FE41BDE736000045C9F /* storeBackground.png */,
			);
			path = Placeholders;
			sourceTree = "<group>";
		};
		09808FE51BDE736000045C9F /* Settings */ = {
			isa = PBXGroup;
			children = (
				09808FE61BDE736000045C9F /* backgroundSettings.png */,
				09808FE71BDE736000045C9F /* settingsButton.png */,
				09808FE81BDE736000045C9F /* volumeOff.png */,
				09808FE91BDE736000045C9F /* volumeOn.png */,
			);
			path = Settings;
			sourceTree = "<group>";
		};
		09808FEA1BDE736000045C9F /* Store */ = {
			isa = PBXGroup;
			children = (
				09808FEB1BDE736000045C9F /* coinsCard.png */,
				09808FEC1BDE736000045C9F /* freeCoinsCard.png */,
				09808FED1BDE736000045C9F /* gemsCard.png */,
			);
			path = Store;
			sourceTree = "<group>";
		};
		09808FEE1BDE736000045C9F /* Training center */ = {
			isa = PBXGroup;
			children = (
				09A6DC851BE2EB24007A77EC /* diamond.png */,
				09808FEF1BDE736000045C9F /* atributesTable.png */,
				09808FF01BDE736000045C9F /* levelStars1.png */,
				09808FF11BDE736000045C9F /* levelStars2.png */,
				09808FF21BDE736000045C9F /* levelStars3.png */,
				09808FF31BDE736000045C9F /* levelStars4.png */,
				09808FF41BDE736000045C9F /* levelStars5.png */,
				09808FF51BDE736000045C9F /* selectAtributeMessage.png */,
				09808FF61BDE736000045C9F /* trainingCenterButton.png */,
			);
			path = "Training center";
			sourceTree = "<group>";
		};
		09B2796C1C07D0C2008D473F /* Music */ = {
			isa = PBXGroup;
			children = (
				09B2796D1C07D0C2008D473F /* Rhinoceros.mp3 */,
			);
			path = Music;
			sourceTree = "<group>";
		};
		09CB5AAF1BA8C505006E3A64 /* GameKitHelper */ = {
			isa = PBXGroup;
			children = (
				09CB5AB21BA8C5A5006E3A64 /* GameKitHelper.h */,
				09CB5AB31BA8C5A5006E3A64 /* GameKitHelper.m */,
			);
			name = GameKitHelper;
			sourceTree = "<group>";
		};
		67A4F5C01BABA3B8004DCA3C /* Projectile */ = {
			isa = PBXGroup;
			children = (
				67A4F5C11BABA3E0004DCA3C /* Projectile.h */,
				67A4F5C21BABA3E0004DCA3C /* Projectile.m */,
			);
			name = Projectile;
			sourceTree = "<group>";
		};
		67FFA6C01B99301C00354487 = {
			isa = PBXGroup;
			children = (
				09CB5AB51BA8C5AE006E3A64 /* GameKit.framework */,
				09CB5AB01BA8C53C006E3A64 /* Foundation.framework */,
				67FFA6CB1B99301C00354487 /* TecprogRunner */,
				67FFA6EA1B99301C00354487 /* TecprogRunnerTests */,
				67FFA6CA1B99301C00354487 /* Products */,
			);
			sourceTree = "<group>";
		};
		67FFA6CA1B99301C00354487 /* Products */ = {
			isa = PBXGroup;
			children = (
				67FFA6C91B99301C00354487 /* TecprogRunner.app */,
				67FFA6E71B99301C00354487 /* TecprogRunnerTests.xctest */,
			);
			name = Products;
			sourceTree = "<group>";
		};
		67FFA6CB1B99301C00354487 /* TecprogRunner */ = {
			isa = PBXGroup;
			children = (
				6B49F9391BDD682700E7164D /* iRate */,
				E93489131BC7FD640038CCF1 /* PhysicsController */,
				093A62D51BB46A6A00BF2074 /* PhysicsCategories */,
				6B0FD4071BA90D1300C22BD6 /* GameData */,
				6B0FD3F41BA9089400C22BD6 /* OverallScene */,
				6B0FD3F81BA9098C00C22BD6 /* Layers */,
				09CB5AAF1BA8C505006E3A64 /* GameKitHelper */,
				E928572E1BA2556D00DF4959 /* UI */,
				E928572D1BA2556600DF4959 /* particles */,
				E92857281BA254E200DF4959 /* Objects */,
				E93489181BC801690038CCF1 /* GlobalHeaders.h */,
				67FFA6D01B99301C00354487 /* AppDelegate.h */,
				67FFA6D11B99301C00354487 /* AppDelegate.m */,
				67FFA6D81B99301C00354487 /* GameViewController.h */,
				67FFA6D91B99301C00354487 /* GameViewController.m */,
				67FFA6DB1B99301C00354487 /* Main.storyboard */,
				67FFA6DE1B99301C00354487 /* Images.xcassets */,
				67FFA6E01B99301C00354487 /* LaunchScreen.xib */,
				67FFA6CC1B99301C00354487 /* Supporting Files */,
			);
			path = TecprogRunner;
			sourceTree = "<group>";
		};
		67FFA6CC1B99301C00354487 /* Supporting Files */ = {
			isa = PBXGroup;
			children = (
				67FFA6CD1B99301C00354487 /* Info.plist */,
				67FFA6CE1B99301C00354487 /* main.m */,
			);
			name = "Supporting Files";
			sourceTree = "<group>";
		};
		67FFA6EA1B99301C00354487 /* TecprogRunnerTests */ = {
			isa = PBXGroup;
			children = (
				E9A1D9A81BECD5E3008508BB /* TileGeneratorTests.m */,
				674FC4911BF02C6F00B40914 /* EnemyGeneratorTests.m */,
				09235A171BFBE0BD0005EB53 /* GameObjectTests.m */,
				67FFA6ED1B99301C00354487 /* TecprogRunnerTests.m */,
				67FFA6EB1B99301C00354487 /* Supporting Files */,
			);
			path = TecprogRunnerTests;
			sourceTree = "<group>";
		};
		67FFA6EB1B99301C00354487 /* Supporting Files */ = {
			isa = PBXGroup;
			children = (
				67FFA6EC1B99301C00354487 /* Info.plist */,
			);
			name = "Supporting Files";
			sourceTree = "<group>";
		};
		6B0FD3F41BA9089400C22BD6 /* OverallScene */ = {
			isa = PBXGroup;
			children = (
				6B0FD3F51BA908B800C22BD6 /* OverallScene.h */,
				6B0FD3F61BA908B800C22BD6 /* OverallScene.m */,
			);
			name = OverallScene;
			sourceTree = "<group>";
		};
		6B0FD3F81BA9098C00C22BD6 /* Layers */ = {
			isa = PBXGroup;
			children = (
				E92857511BA320AA00DF4959 /* BasicLayer.h */,
				E92857401BA25CB100DF4959 /* GameSceneLayers */,
				6B0FD3FE1BA90B5700C22BD6 /* OverallControlLayer */,
			);
			name = Layers;
			sourceTree = "<group>";
		};
		6B0FD3FE1BA90B5700C22BD6 /* OverallControlLayer */ = {
			isa = PBXGroup;
			children = (
				6B0FD4041BA90C6900C22BD6 /* OverallControlLayer.h */,
				6B0FD4051BA90C6900C22BD6 /* OverallControlLayer.m */,
				6BF9FB771BC57BEC004878CC /* Training Center */,
				6B2D98DC1BB4E8B2005B342E /* Settings */,
				6B0FD4131BA91A2500C22BD6 /* Store */,
				6B0FD4001BA90C1900C22BD6 /* Menu */,
			);
			name = OverallControlLayer;
			sourceTree = "<group>";
		};
		6B0FD4001BA90C1900C22BD6 /* Menu */ = {
			isa = PBXGroup;
			children = (
				6B0FD40E1BA9122900C22BD6 /* MenuLayer.h */,
				6B0FD40F1BA9122900C22BD6 /* MenuLayer.m */,
				6B0FD3FB1BA90B4A00C22BD6 /* BackgroundLayerMenu.h */,
				6B0FD3FC1BA90B4A00C22BD6 /* BackgroundLayerMenu.m */,
			);
			name = Menu;
			sourceTree = "<group>";
		};
		6B0FD4071BA90D1300C22BD6 /* GameData */ = {
			isa = PBXGroup;
			children = (
				6B0FD4081BA90D2600C22BD6 /* GameData.h */,
				6B0FD4091BA90D2600C22BD6 /* GameData.m */,
			);
			name = GameData;
			sourceTree = "<group>";
		};
		6B0FD4131BA91A2500C22BD6 /* Store */ = {
			isa = PBXGroup;
			children = (
				6B0FD4141BA91A3900C22BD6 /* StoreLayer.h */,
				6B0FD4151BA91A3900C22BD6 /* StoreLayer.m */,
				6B0FD4171BA91AE400C22BD6 /* BackgroundLayerStore.h */,
				6B0FD4181BA91AE400C22BD6 /* BackgroundLayerStore.m */,
			);
			name = Store;
			sourceTree = "<group>";
		};
		6B2D98DC1BB4E8B2005B342E /* Settings */ = {
			isa = PBXGroup;
			children = (
				6B2D98DD1BB4E8C5005B342E /* SettingsLayer.h */,
				6B2D98DE1BB4E8C5005B342E /* SettingsLayer.m */,
				6B2D98E01BB4E9C0005B342E /* BackgroundLayerSettings.h */,
				6B2D98E11BB4E9C0005B342E /* BackgroundLayerSettings.m */,
			);
			name = Settings;
			sourceTree = "<group>";
		};
		6B49F9391BDD682700E7164D /* iRate */ = {
			isa = PBXGroup;
			children = (
				6B49F93A1BDD684400E7164D /* iRate.h */,
				6B49F93B1BDD684400E7164D /* iRate.m */,
			);
			name = iRate;
			sourceTree = "<group>";
		};
		6B49F9431BDD9D4800E7164D /* PausLayer */ = {
			isa = PBXGroup;
			children = (
				6B49F9441BDD9D5A00E7164D /* PauseLayer.h */,
				6B49F9451BDD9D5A00E7164D /* PauseLayer.m */,
			);
			name = PausLayer;
			sourceTree = "<group>";
		};
		6BF9FB771BC57BEC004878CC /* Training Center */ = {
			isa = PBXGroup;
			children = (
				6BF9FB7E1BC57C40004878CC /* TrainingCenterLayer.h */,
				6BF9FB7F1BC57C40004878CC /* TrainingCenterLayer.m */,
				6BF9FB7B1BC57C33004878CC /* TrainingCenterBackground.h */,
				6BF9FB7C1BC57C33004878CC /* TrainingCenterBackground.m */,
			);
			name = "Training Center";
			sourceTree = "<group>";
		};
		E92857281BA254E200DF4959 /* Objects */ = {
			isa = PBXGroup;
			children = (
				E9BEBB121C05DF33001307C0 /* GameEntity.h */,
				E9BEBB131C05DF33001307C0 /* GameEntity.m */,
				E9A1D9A31BECCE15008508BB /* Tile */,
				E92857291BA254F600DF4959 /* GameObject */,
				E928572B1BA2550700DF4959 /* Player */,
				67A4F5C01BABA3B8004DCA3C /* Projectile */,
				E928572A1BA2550000DF4959 /* Enemies */,
				093A62D91BB46C5D00BF2074 /* Coin */,
			);
			name = Objects;
			sourceTree = "<group>";
		};
		E92857291BA254F600DF4959 /* GameObject */ = {
			isa = PBXGroup;
			children = (
				E92857311BA25B5500DF4959 /* GameObject.h */,
				E92857321BA25B5500DF4959 /* GameObject.m */,
			);
			name = GameObject;
			sourceTree = "<group>";
		};
		E928572A1BA2550000DF4959 /* Enemies */ = {
			isa = PBXGroup;
			children = (
				E928573B1BA25C7600DF4959 /* Enemy.h */,
				E928573C1BA25C7600DF4959 /* Enemy.m */,
				67C0F7771BB95DC6003A02B1 /* WeakEnemy.h */,
				67C0F7781BB95DC6003A02B1 /* WeakEnemy.m */,
				6792F7371BCF220E006030DE /* StrongEnemy.h */,
				6792F7381BCF220E006030DE /* StrongEnemy.m */,
				67F76BA51BCF300600BA4A62 /* EnemyGenerator.h */,
				67F76BA61BCF300600BA4A62 /* EnemyGenerator.m */,
			);
			name = Enemies;
			sourceTree = "<group>";
		};
		E928572B1BA2550700DF4959 /* Player */ = {
			isa = PBXGroup;
			children = (
				E92857341BA25B6B00DF4959 /* Player.h */,
				E92857351BA25B6B00DF4959 /* Player.m */,
			);
			name = Player;
			sourceTree = "<group>";
		};
		E928572D1BA2556600DF4959 /* particles */ = {
			isa = PBXGroup;
			children = (
				67FFA6D61B99301C00354487 /* GameScene.sks */,
			);
			name = particles;
			sourceTree = "<group>";
		};
		E928572E1BA2556D00DF4959 /* UI */ = {
			isa = PBXGroup;
			children = (
				09B2796C1C07D0C2008D473F /* Music */,
				09808FBA1BDE736000045C9F /* Images */,
				E92857301BA2558200DF4959 /* Fonts */,
				E928572F1BA2557900DF4959 /* Button */,
			);
			name = UI;
			sourceTree = "<group>";
		};
		E928572F1BA2557900DF4959 /* Button */ = {
			isa = PBXGroup;
			children = (
				09EE62881BE4FDAC00A9B2D3 /* SpriteNode.h */,
				09EE62891BE4FDAC00A9B2D3 /* SpriteNode.m */,
			);
			name = Button;
			sourceTree = "<group>";
		};
		E92857301BA2558200DF4959 /* Fonts */ = {
			isa = PBXGroup;
			children = (
				09A6DB7D1BE1B69C007A77EC /* thirteen_pixel_fonts.ttf */,
				E913DED51BDBD0A600DB3FC9 /* Label.h */,
				E913DED61BDBD0A600DB3FC9 /* Label.m */,
			);
			name = Fonts;
			sourceTree = "<group>";
		};
		E92857401BA25CB100DF4959 /* GameSceneLayers */ = {
			isa = PBXGroup;
			children = (
				6B49F9431BDD9D4800E7164D /* PausLayer */,
				E928574C1BA25D2400DF4959 /* BackgroundLayer */,
				E928574B1BA25D1D00DF4959 /* HudLayer */,
				E928574A1BA25D1500DF4959 /* GameLayer */,
			);
			name = GameSceneLayers;
			sourceTree = "<group>";
		};
		E928574A1BA25D1500DF4959 /* GameLayer */ = {
			isa = PBXGroup;
			children = (
				E92857411BA25CF500DF4959 /* GameLayer.h */,
				E92857421BA25CF500DF4959 /* GameLayer.m */,
			);
			name = GameLayer;
			sourceTree = "<group>";
		};
		E928574B1BA25D1D00DF4959 /* HudLayer */ = {
			isa = PBXGroup;
			children = (
				E92857441BA25D0300DF4959 /* HudLayer.h */,
				E92857451BA25D0300DF4959 /* HudLayer.m */,
			);
			name = HudLayer;
			sourceTree = "<group>";
		};
		E928574C1BA25D2400DF4959 /* BackgroundLayer */ = {
			isa = PBXGroup;
			children = (
				E92857471BA25D1100DF4959 /* BackgroundLayer.h */,
				E92857481BA25D1100DF4959 /* BackgroundLayer.m */,
				E9A1D99F1BECCDE2008508BB /* TileGenerator.h */,
				E9A1D9A01BECCDE2008508BB /* TileGenerator.m */,
			);
			name = BackgroundLayer;
			sourceTree = "<group>";
		};
		E93489131BC7FD640038CCF1 /* PhysicsController */ = {
			isa = PBXGroup;
			children = (
				E93489141BC7FDBA0038CCF1 /* PhysicsController.h */,
				E93489151BC7FDBA0038CCF1 /* PhysicsController.m */,
			);
			name = PhysicsController;
			sourceTree = "<group>";
		};
		E9A1D9A31BECCE15008508BB /* Tile */ = {
			isa = PBXGroup;
			children = (
				E9A1D9A41BECCE32008508BB /* Tile.h */,
				E9A1D9A51BECCE32008508BB /* Tile.m */,
			);
			name = Tile;
			sourceTree = "<group>";
		};
/* End PBXGroup section */

/* Begin PBXNativeTarget section */
		67FFA6C81B99301C00354487 /* TecprogRunner */ = {
			isa = PBXNativeTarget;
			buildConfigurationList = 67FFA6F11B99301C00354487 /* Build configuration list for PBXNativeTarget "TecprogRunner" */;
			buildPhases = (
				67FFA6C51B99301C00354487 /* Sources */,
				67FFA6C61B99301C00354487 /* Frameworks */,
				67FFA6C71B99301C00354487 /* Resources */,
			);
			buildRules = (
			);
			dependencies = (
			);
			name = TecprogRunner;
			productName = TecprogRunner;
			productReference = 67FFA6C91B99301C00354487 /* TecprogRunner.app */;
			productType = "com.apple.product-type.application";
		};
		67FFA6E61B99301C00354487 /* TecprogRunnerTests */ = {
			isa = PBXNativeTarget;
			buildConfigurationList = 67FFA6F41B99301C00354487 /* Build configuration list for PBXNativeTarget "TecprogRunnerTests" */;
			buildPhases = (
				67FFA6E31B99301C00354487 /* Sources */,
				67FFA6E41B99301C00354487 /* Frameworks */,
				67FFA6E51B99301C00354487 /* Resources */,
			);
			buildRules = (
			);
			dependencies = (
				67FFA6E91B99301C00354487 /* PBXTargetDependency */,
			);
			name = TecprogRunnerTests;
			productName = TecprogRunnerTests;
			productReference = 67FFA6E71B99301C00354487 /* TecprogRunnerTests.xctest */;
			productType = "com.apple.product-type.bundle.unit-test";
		};
/* End PBXNativeTarget section */

/* Begin PBXProject section */
		67FFA6C11B99301C00354487 /* Project object */ = {
			isa = PBXProject;
			attributes = {
				LastUpgradeCheck = 0700;
				ORGANIZATIONNAME = "Bepid-UnB";
				TargetAttributes = {
					67FFA6C81B99301C00354487 = {
						CreatedOnToolsVersion = 6.4;
					};
					67FFA6E61B99301C00354487 = {
						CreatedOnToolsVersion = 6.4;
						TestTargetID = 67FFA6C81B99301C00354487;
					};
				};
			};
			buildConfigurationList = 67FFA6C41B99301C00354487 /* Build configuration list for PBXProject "TecprogRunner" */;
			compatibilityVersion = "Xcode 3.2";
			developmentRegion = English;
			hasScannedForEncodings = 0;
			knownRegions = (
				en,
				Base,
			);
			mainGroup = 67FFA6C01B99301C00354487;
			productRefGroup = 67FFA6CA1B99301C00354487 /* Products */;
			projectDirPath = "";
			projectRoot = "";
			targets = (
				67FFA6C81B99301C00354487 /* TecprogRunner */,
				67FFA6E61B99301C00354487 /* TecprogRunnerTests */,
			);
		};
/* End PBXProject section */

/* Begin PBXResourcesBuildPhase section */
		67FFA6C71B99301C00354487 /* Resources */ = {
			isa = PBXResourcesBuildPhase;
			buildActionMask = 2147483647;
			files = (
				09B2796E1C07D0C2008D473F /* Rhinoceros.mp3 in Resources */,
				09A6DB7E1BE1B6A5007A77EC /* thirteen_pixel_fonts.ttf in Resources */,
				0980900F1BDE736000045C9F /* backButton.png in Resources */,
				098090101BDE736000045C9F /* background.png in Resources */,
				67FFA6E21B99301C00354487 /* LaunchScreen.xib in Resources */,
				67FFA6DF1B99301C00354487 /* Images.xcassets in Resources */,
				0980901F1BDE736000045C9F /* levelStars1.png in Resources */,
				0980901E1BDE736000045C9F /* atributesTable.png in Resources */,
				0980901A1BDE736000045C9F /* volumeOn.png in Resources */,
				09808FF71BDE736000045C9F /* enemyIdle1.png in Resources */,
				09808FF91BDE736000045C9F /* playerFalling1.png in Resources */,
				09808FFF1BDE736000045C9F /* playerRunning5.png in Resources */,
				09808FFB1BDE736000045C9F /* playerRunning1.png in Resources */,
				67FFA6D71B99301C00354487 /* GameScene.sks in Resources */,
				098090121BDE736000045C9F /* pauseContinueButton.png in Resources */,
				098090241BDE736000045C9F /* selectAtributeMessage.png in Resources */,
				098090041BDE736000045C9F /* Coin2.png in Resources */,
				098090141BDE736000045C9F /* pauseRestarButton.png in Resources */,
				0980901D1BDE736000045C9F /* gemsCard.png in Resources */,
				098090171BDE736000045C9F /* backgroundSettings.png in Resources */,
				0980901B1BDE736000045C9F /* coinsCard.png in Resources */,
				098090011BDE736000045C9F /* weakEnemyIdle1.png in Resources */,
				098090191BDE736000045C9F /* volumeOff.png in Resources */,
				09808FFA1BDE736000045C9F /* playerJumping1.png in Resources */,
				0980900A1BDE736000045C9F /* projectile.png in Resources */,
				098090091BDE736000045C9F /* background_Clouds.png in Resources */,
				0980900D1BDE736000045C9F /* storeButton.png in Resources */,
				098090111BDE736000045C9F /* pauseButton.png in Resources */,
				09808FFE1BDE736000045C9F /* playerRunning4.png in Resources */,
				098090001BDE736000045C9F /* playerRunning6.png in Resources */,
				098090021BDE736000045C9F /* weakEnemyIdle2.png in Resources */,
				098090061BDE736000045C9F /* Coin4.png in Resources */,
				098090031BDE736000045C9F /* Coin1.png in Resources */,
				67FFA6DD1B99301C00354487 /* Main.storyboard in Resources */,
				098090151BDE736000045C9F /* settingsBackground.png in Resources */,
				0980900B1BDE736000045C9F /* gameCenterButton.png in Resources */,
				0980900C1BDE736000045C9F /* menuBg.png in Resources */,
				098090251BDE736000045C9F /* trainingCenterButton.png in Resources */,
				098090071BDE736000045C9F /* Coin5.png in Resources */,
				098090081BDE736000045C9F /* Coin6.png in Resources */,
				09808FFD1BDE736000045C9F /* playerRunning3.png in Resources */,
				09808FF81BDE736000045C9F /* enemyIdle2.png in Resources */,
				09A6DC861BE2EB24007A77EC /* diamond.png in Resources */,
				09808FFC1BDE736000045C9F /* playerRunning2.png in Resources */,
				098090211BDE736000045C9F /* levelStars3.png in Resources */,
				0980900E1BDE736000045C9F /* tapToPlay.png in Resources */,
				098090131BDE736000045C9F /* pauseHomeButton.png in Resources */,
				0980901C1BDE736000045C9F /* freeCoinsCard.png in Resources */,
				098090221BDE736000045C9F /* levelStars4.png in Resources */,
				098090051BDE736000045C9F /* Coin3.png in Resources */,
				098090201BDE736000045C9F /* levelStars2.png in Resources */,
				098090231BDE736000045C9F /* levelStars5.png in Resources */,
				098090181BDE736000045C9F /* settingsButton.png in Resources */,
				098090161BDE736000045C9F /* storeBackground.png in Resources */,
			);
			runOnlyForDeploymentPostprocessing = 0;
		};
		67FFA6E51B99301C00354487 /* Resources */ = {
			isa = PBXResourcesBuildPhase;
			buildActionMask = 2147483647;
			files = (
			);
			runOnlyForDeploymentPostprocessing = 0;
		};
/* End PBXResourcesBuildPhase section */

/* Begin PBXSourcesBuildPhase section */
		67FFA6C51B99301C00354487 /* Sources */ = {
			isa = PBXSourcesBuildPhase;
			buildActionMask = 2147483647;
			files = (
				09CB5AB41BA8C5A5006E3A64 /* GameKitHelper.m in Sources */,
				E92857491BA25D1100DF4959 /* BackgroundLayer.m in Sources */,
				67F76BA71BCF300600BA4A62 /* EnemyGenerator.m in Sources */,
				6B0FD4061BA90C6900C22BD6 /* OverallControlLayer.m in Sources */,
				E928573D1BA25C7600DF4959 /* Enemy.m in Sources */,
				6BF9FB7D1BC57C33004878CC /* TrainingCenterBackground.m in Sources */,
				E92857331BA25B5500DF4959 /* GameObject.m in Sources */,
				6B0FD3F71BA908B800C22BD6 /* OverallScene.m in Sources */,
				6B2D98E21BB4E9C0005B342E /* BackgroundLayerSettings.m in Sources */,
				67FFA6DA1B99301C00354487 /* GameViewController.m in Sources */,
				E913DED71BDBD0A600DB3FC9 /* Label.m in Sources */,
				67FFA6D21B99301C00354487 /* AppDelegate.m in Sources */,
				6B49F93C1BDD684400E7164D /* iRate.m in Sources */,
				6BF9FB801BC57C40004878CC /* TrainingCenterLayer.m in Sources */,
				6792F7391BCF220E006030DE /* StrongEnemy.m in Sources */,
				E93489161BC7FDBA0038CCF1 /* PhysicsController.m in Sources */,
				6B0FD4161BA91A3900C22BD6 /* StoreLayer.m in Sources */,
				093A62D81BB46C4F00BF2074 /* Coin.m in Sources */,
				6B0FD4101BA9122900C22BD6 /* MenuLayer.m in Sources */,
				6B0FD40A1BA90D2600C22BD6 /* GameData.m in Sources */,
				6B2D98DF1BB4E8C5005B342E /* SettingsLayer.m in Sources */,
				67C0F7791BB95DC6003A02B1 /* WeakEnemy.m in Sources */,
				E92857361BA25B6B00DF4959 /* Player.m in Sources */,
				6B0FD3FD1BA90B4A00C22BD6 /* BackgroundLayerMenu.m in Sources */,
				E92857431BA25CF500DF4959 /* GameLayer.m in Sources */,
				67FFA6CF1B99301C00354487 /* main.m in Sources */,
				E9BEBB141C05DF33001307C0 /* GameEntity.m in Sources */,
				67A4F5C31BABA3E0004DCA3C /* Projectile.m in Sources */,
				E92857461BA25D0300DF4959 /* HudLayer.m in Sources */,
				E9A1D9A61BECCE32008508BB /* Tile.m in Sources */,
				09EE628A1BE4FDAC00A9B2D3 /* SpriteNode.m in Sources */,
				6B49F9461BDD9D5A00E7164D /* PauseLayer.m in Sources */,
				6B0FD4191BA91AE400C22BD6 /* BackgroundLayerStore.m in Sources */,
				E9A1D9A11BECCDE2008508BB /* TileGenerator.m in Sources */,
			);
			runOnlyForDeploymentPostprocessing = 0;
		};
		67FFA6E31B99301C00354487 /* Sources */ = {
			isa = PBXSourcesBuildPhase;
			buildActionMask = 2147483647;
			files = (
				67FFA6EE1B99301C00354487 /* TecprogRunnerTests.m in Sources */,
				E9A1D9A21BECCDE2008508BB /* TileGenerator.m in Sources */,
				09235A181BFBE0BD0005EB53 /* GameObjectTests.m in Sources */,
				674FC4921BF02C6F00B40914 /* EnemyGeneratorTests.m in Sources */,
				E93489171BC7FDBA0038CCF1 /* PhysicsController.m in Sources */,
				E9A1D9A71BECCE32008508BB /* Tile.m in Sources */,
				E9A1D9A91BECD5E3008508BB /* TileGeneratorTests.m in Sources */,
			);
			runOnlyForDeploymentPostprocessing = 0;
		};
/* End PBXSourcesBuildPhase section */

/* Begin PBXTargetDependency section */
		67FFA6E91B99301C00354487 /* PBXTargetDependency */ = {
			isa = PBXTargetDependency;
			target = 67FFA6C81B99301C00354487 /* TecprogRunner */;
			targetProxy = 67FFA6E81B99301C00354487 /* PBXContainerItemProxy */;
		};
/* End PBXTargetDependency section */

/* Begin PBXVariantGroup section */
		67FFA6DB1B99301C00354487 /* Main.storyboard */ = {
			isa = PBXVariantGroup;
			children = (
				67FFA6DC1B99301C00354487 /* Base */,
			);
			name = Main.storyboard;
			sourceTree = "<group>";
		};
		67FFA6E01B99301C00354487 /* LaunchScreen.xib */ = {
			isa = PBXVariantGroup;
			children = (
				67FFA6E11B99301C00354487 /* Base */,
			);
			name = LaunchScreen.xib;
			sourceTree = "<group>";
		};
/* End PBXVariantGroup section */

/* Begin XCBuildConfiguration section */
		67FFA6EF1B99301C00354487 /* Debug */ = {
			isa = XCBuildConfiguration;
			buildSettings = {
				ALWAYS_SEARCH_USER_PATHS = NO;
				CLANG_CXX_LANGUAGE_STANDARD = "gnu++0x";
				CLANG_CXX_LIBRARY = "libc++";
				CLANG_ENABLE_MODULES = YES;
				CLANG_ENABLE_OBJC_ARC = YES;
				CLANG_WARN_BOOL_CONVERSION = YES;
				CLANG_WARN_CONSTANT_CONVERSION = YES;
				CLANG_WARN_DIRECT_OBJC_ISA_USAGE = YES_ERROR;
				CLANG_WARN_EMPTY_BODY = YES;
				CLANG_WARN_ENUM_CONVERSION = YES;
				CLANG_WARN_INT_CONVERSION = YES;
				CLANG_WARN_OBJC_ROOT_CLASS = YES_ERROR;
				CLANG_WARN_UNREACHABLE_CODE = YES;
				CLANG_WARN__DUPLICATE_METHOD_MATCH = YES;
				"CODE_SIGN_IDENTITY[sdk=iphoneos*]" = "iPhone Developer";
				COPY_PHASE_STRIP = NO;
				DEBUG_INFORMATION_FORMAT = "dwarf-with-dsym";
				ENABLE_STRICT_OBJC_MSGSEND = YES;
				ENABLE_TESTABILITY = YES;
				GCC_C_LANGUAGE_STANDARD = gnu99;
				GCC_DYNAMIC_NO_PIC = NO;
				GCC_NO_COMMON_BLOCKS = YES;
				GCC_OPTIMIZATION_LEVEL = 0;
				GCC_PREPROCESSOR_DEFINITIONS = (
					"DEBUG=1",
					"$(inherited)",
				);
				GCC_SYMBOLS_PRIVATE_EXTERN = NO;
				GCC_WARN_64_TO_32_BIT_CONVERSION = YES;
				GCC_WARN_ABOUT_RETURN_TYPE = YES_ERROR;
				GCC_WARN_UNDECLARED_SELECTOR = YES;
				GCC_WARN_UNINITIALIZED_AUTOS = YES_AGGRESSIVE;
				GCC_WARN_UNUSED_FUNCTION = YES;
				GCC_WARN_UNUSED_VARIABLE = YES;
				IPHONEOS_DEPLOYMENT_TARGET = 8.4;
				MTL_ENABLE_DEBUG_INFO = YES;
				ONLY_ACTIVE_ARCH = YES;
				SDKROOT = iphoneos;
				TARGETED_DEVICE_FAMILY = "1,2";
			};
			name = Debug;
		};
		67FFA6F01B99301C00354487 /* Release */ = {
			isa = XCBuildConfiguration;
			buildSettings = {
				ALWAYS_SEARCH_USER_PATHS = NO;
				CLANG_CXX_LANGUAGE_STANDARD = "gnu++0x";
				CLANG_CXX_LIBRARY = "libc++";
				CLANG_ENABLE_MODULES = YES;
				CLANG_ENABLE_OBJC_ARC = YES;
				CLANG_WARN_BOOL_CONVERSION = YES;
				CLANG_WARN_CONSTANT_CONVERSION = YES;
				CLANG_WARN_DIRECT_OBJC_ISA_USAGE = YES_ERROR;
				CLANG_WARN_EMPTY_BODY = YES;
				CLANG_WARN_ENUM_CONVERSION = YES;
				CLANG_WARN_INT_CONVERSION = YES;
				CLANG_WARN_OBJC_ROOT_CLASS = YES_ERROR;
				CLANG_WARN_UNREACHABLE_CODE = YES;
				CLANG_WARN__DUPLICATE_METHOD_MATCH = YES;
				"CODE_SIGN_IDENTITY[sdk=iphoneos*]" = "iPhone Developer";
				COPY_PHASE_STRIP = NO;
				DEBUG_INFORMATION_FORMAT = "dwarf-with-dsym";
				ENABLE_NS_ASSERTIONS = NO;
				ENABLE_STRICT_OBJC_MSGSEND = YES;
				GCC_C_LANGUAGE_STANDARD = gnu99;
				GCC_NO_COMMON_BLOCKS = YES;
				GCC_WARN_64_TO_32_BIT_CONVERSION = YES;
				GCC_WARN_ABOUT_RETURN_TYPE = YES_ERROR;
				GCC_WARN_UNDECLARED_SELECTOR = YES;
				GCC_WARN_UNINITIALIZED_AUTOS = YES_AGGRESSIVE;
				GCC_WARN_UNUSED_FUNCTION = YES;
				GCC_WARN_UNUSED_VARIABLE = YES;
				IPHONEOS_DEPLOYMENT_TARGET = 8.4;
				MTL_ENABLE_DEBUG_INFO = NO;
				SDKROOT = iphoneos;
				TARGETED_DEVICE_FAMILY = "1,2";
				VALIDATE_PRODUCT = YES;
			};
			name = Release;
		};
		67FFA6F21B99301C00354487 /* Debug */ = {
			isa = XCBuildConfiguration;
			buildSettings = {
				ASSETCATALOG_COMPILER_APPICON_NAME = AppIcon;
				INFOPLIST_FILE = TecprogRunner/Info.plist;
				LD_RUNPATH_SEARCH_PATHS = "$(inherited) @executable_path/Frameworks";
				PRODUCT_BUNDLE_IDENTIFIER = "bu.$(PRODUCT_NAME:rfc1034identifier)";
				PRODUCT_NAME = "$(TARGET_NAME)";
				TARGETED_DEVICE_FAMILY = "1,2";
			};
			name = Debug;
		};
		67FFA6F31B99301C00354487 /* Release */ = {
			isa = XCBuildConfiguration;
			buildSettings = {
				ASSETCATALOG_COMPILER_APPICON_NAME = AppIcon;
				INFOPLIST_FILE = TecprogRunner/Info.plist;
				LD_RUNPATH_SEARCH_PATHS = "$(inherited) @executable_path/Frameworks";
				PRODUCT_BUNDLE_IDENTIFIER = "bu.$(PRODUCT_NAME:rfc1034identifier)";
				PRODUCT_NAME = "$(TARGET_NAME)";
				TARGETED_DEVICE_FAMILY = "1,2";
			};
			name = Release;
		};
		67FFA6F51B99301C00354487 /* Debug */ = {
			isa = XCBuildConfiguration;
			buildSettings = {
				BUNDLE_LOADER = "$(TEST_HOST)";
				FRAMEWORK_SEARCH_PATHS = (
					"$(SDKROOT)/Developer/Library/Frameworks",
					"$(inherited)",
				);
				GCC_PREPROCESSOR_DEFINITIONS = (
					"DEBUG=1",
					"$(inherited)",
				);
				INFOPLIST_FILE = TecprogRunnerTests/Info.plist;
				LD_RUNPATH_SEARCH_PATHS = "$(inherited) @executable_path/Frameworks @loader_path/Frameworks";
				PRODUCT_BUNDLE_IDENTIFIER = "bu.$(PRODUCT_NAME:rfc1034identifier)";
				PRODUCT_NAME = "$(TARGET_NAME)";
				TEST_HOST = "$(BUILT_PRODUCTS_DIR)/TecprogRunner.app/TecprogRunner";
			};
			name = Debug;
		};
		67FFA6F61B99301C00354487 /* Release */ = {
			isa = XCBuildConfiguration;
			buildSettings = {
				BUNDLE_LOADER = "$(TEST_HOST)";
				FRAMEWORK_SEARCH_PATHS = (
					"$(SDKROOT)/Developer/Library/Frameworks",
					"$(inherited)",
				);
				INFOPLIST_FILE = TecprogRunnerTests/Info.plist;
				LD_RUNPATH_SEARCH_PATHS = "$(inherited) @executable_path/Frameworks @loader_path/Frameworks";
				PRODUCT_BUNDLE_IDENTIFIER = "bu.$(PRODUCT_NAME:rfc1034identifier)";
				PRODUCT_NAME = "$(TARGET_NAME)";
				TEST_HOST = "$(BUILT_PRODUCTS_DIR)/TecprogRunner.app/TecprogRunner";
			};
			name = Release;
		};
/* End XCBuildConfiguration section */

/* Begin XCConfigurationList section */
		67FFA6C41B99301C00354487 /* Build configuration list for PBXProject "TecprogRunner" */ = {
			isa = XCConfigurationList;
			buildConfigurations = (
				67FFA6EF1B99301C00354487 /* Debug */,
				67FFA6F01B99301C00354487 /* Release */,
			);
			defaultConfigurationIsVisible = 0;
			defaultConfigurationName = Release;
		};
		67FFA6F11B99301C00354487 /* Build configuration list for PBXNativeTarget "TecprogRunner" */ = {
			isa = XCConfigurationList;
			buildConfigurations = (
				67FFA6F21B99301C00354487 /* Debug */,
				67FFA6F31B99301C00354487 /* Release */,
			);
			defaultConfigurationIsVisible = 0;
			defaultConfigurationName = Release;
		};
		67FFA6F41B99301C00354487 /* Build configuration list for PBXNativeTarget "TecprogRunnerTests" */ = {
			isa = XCConfigurationList;
			buildConfigurations = (
				67FFA6F51B99301C00354487 /* Debug */,
				67FFA6F61B99301C00354487 /* Release */,
			);
			defaultConfigurationIsVisible = 0;
			defaultConfigurationName = Release;
		};
/* End XCConfigurationList section */
	};
	rootObject = 67FFA6C11B99301C00354487 /* Project object */;
}
