// !$*UTF8*$!
{
	archiveVersion = 1;
	classes = {
	};
	objectVersion = 46;
	objects = {

/* Begin PBXBuildFile section */
		093A62D81BB46C4F00BF2074 /* Coin.m in Sources */ = {isa = PBXBuildFile; fileRef = 093A62D71BB46C4F00BF2074 /* Coin.m */; };
		095DE92A1BC488E5004BCD3B /* backButton.png in Resources */ = {isa = PBXBuildFile; fileRef = 095DE90E1BC488E5004BCD3B /* backButton.png */; settings = {ASSET_TAGS = (); }; };
		095DE92B1BC488E5004BCD3B /* background_Clouds.png in Resources */ = {isa = PBXBuildFile; fileRef = 095DE90F1BC488E5004BCD3B /* background_Clouds.png */; settings = {ASSET_TAGS = (); }; };
		095DE92C1BC488E5004BCD3B /* Coin1.png in Resources */ = {isa = PBXBuildFile; fileRef = 095DE9111BC488E5004BCD3B /* Coin1.png */; settings = {ASSET_TAGS = (); }; };
		095DE92D1BC488E5004BCD3B /* Coin2.png in Resources */ = {isa = PBXBuildFile; fileRef = 095DE9121BC488E5004BCD3B /* Coin2.png */; settings = {ASSET_TAGS = (); }; };
		095DE92E1BC488E5004BCD3B /* Coin3.png in Resources */ = {isa = PBXBuildFile; fileRef = 095DE9131BC488E5004BCD3B /* Coin3.png */; settings = {ASSET_TAGS = (); }; };
		095DE92F1BC488E5004BCD3B /* Coin4.png in Resources */ = {isa = PBXBuildFile; fileRef = 095DE9141BC488E5004BCD3B /* Coin4.png */; settings = {ASSET_TAGS = (); }; };
		095DE9301BC488E5004BCD3B /* Coin5.png in Resources */ = {isa = PBXBuildFile; fileRef = 095DE9151BC488E5004BCD3B /* Coin5.png */; settings = {ASSET_TAGS = (); }; };
		095DE9311BC488E5004BCD3B /* Coin6.png in Resources */ = {isa = PBXBuildFile; fileRef = 095DE9161BC488E5004BCD3B /* Coin6.png */; settings = {ASSET_TAGS = (); }; };
		095DE9321BC488E5004BCD3B /* gameCenterButton.png in Resources */ = {isa = PBXBuildFile; fileRef = 095DE9171BC488E5004BCD3B /* gameCenterButton.png */; settings = {ASSET_TAGS = (); }; };
		095DE9331BC488E5004BCD3B /* menuBg.png in Resources */ = {isa = PBXBuildFile; fileRef = 095DE9181BC488E5004BCD3B /* menuBg.png */; settings = {ASSET_TAGS = (); }; };
		095DE9341BC488E5004BCD3B /* pauseButton.png in Resources */ = {isa = PBXBuildFile; fileRef = 095DE9191BC488E5004BCD3B /* pauseButton.png */; settings = {ASSET_TAGS = (); }; };
		095DE9351BC488E5004BCD3B /* playerJumping1.png in Resources */ = {isa = PBXBuildFile; fileRef = 095DE91B1BC488E5004BCD3B /* playerJumping1.png */; settings = {ASSET_TAGS = (); }; };
		095DE9361BC488E5004BCD3B /* playerJumping2.png in Resources */ = {isa = PBXBuildFile; fileRef = 095DE91C1BC488E5004BCD3B /* playerJumping2.png */; settings = {ASSET_TAGS = (); }; };
		095DE9371BC488E5004BCD3B /* playerRunning1.png in Resources */ = {isa = PBXBuildFile; fileRef = 095DE91D1BC488E5004BCD3B /* playerRunning1.png */; settings = {ASSET_TAGS = (); }; };
		095DE9381BC488E5004BCD3B /* playerRunning2.png in Resources */ = {isa = PBXBuildFile; fileRef = 095DE91E1BC488E5004BCD3B /* playerRunning2.png */; settings = {ASSET_TAGS = (); }; };
		095DE9391BC488E5004BCD3B /* playerRunning3.png in Resources */ = {isa = PBXBuildFile; fileRef = 095DE91F1BC488E5004BCD3B /* playerRunning3.png */; settings = {ASSET_TAGS = (); }; };
		095DE93A1BC488E5004BCD3B /* playerRunning4.png in Resources */ = {isa = PBXBuildFile; fileRef = 095DE9201BC488E5004BCD3B /* playerRunning4.png */; settings = {ASSET_TAGS = (); }; };
		095DE93B1BC488E5004BCD3B /* playerRunning5.png in Resources */ = {isa = PBXBuildFile; fileRef = 095DE9211BC488E5004BCD3B /* playerRunning5.png */; settings = {ASSET_TAGS = (); }; };
		095DE93C1BC488E5004BCD3B /* playerRunning6.png in Resources */ = {isa = PBXBuildFile; fileRef = 095DE9221BC488E5004BCD3B /* playerRunning6.png */; settings = {ASSET_TAGS = (); }; };
		095DE93D1BC488E5004BCD3B /* playerTexture.png in Resources */ = {isa = PBXBuildFile; fileRef = 095DE9231BC488E5004BCD3B /* playerTexture.png */; settings = {ASSET_TAGS = (); }; };
		095DE93E1BC488E5004BCD3B /* projectile.png in Resources */ = {isa = PBXBuildFile; fileRef = 095DE9241BC488E5004BCD3B /* projectile.png */; settings = {ASSET_TAGS = (); }; };
		095DE93F1BC488E5004BCD3B /* settingsBackground.png in Resources */ = {isa = PBXBuildFile; fileRef = 095DE9251BC488E5004BCD3B /* settingsBackground.png */; settings = {ASSET_TAGS = (); }; };
		095DE9401BC488E5004BCD3B /* settingsButton.png in Resources */ = {isa = PBXBuildFile; fileRef = 095DE9261BC488E5004BCD3B /* settingsButton.png */; settings = {ASSET_TAGS = (); }; };
		095DE9411BC488E5004BCD3B /* storeBackground.png in Resources */ = {isa = PBXBuildFile; fileRef = 095DE9271BC488E5004BCD3B /* storeBackground.png */; settings = {ASSET_TAGS = (); }; };
		095DE9421BC488E5004BCD3B /* storeButton.png in Resources */ = {isa = PBXBuildFile; fileRef = 095DE9281BC488E5004BCD3B /* storeButton.png */; settings = {ASSET_TAGS = (); }; };
		095DE9431BC488E5004BCD3B /* tapToPlay.png in Resources */ = {isa = PBXBuildFile; fileRef = 095DE9291BC488E5004BCD3B /* tapToPlay.png */; settings = {ASSET_TAGS = (); }; };
		09CB5AB11BA8C53C006E3A64 /* Foundation.framework in Frameworks */ = {isa = PBXBuildFile; fileRef = 09CB5AB01BA8C53C006E3A64 /* Foundation.framework */; };
		09CB5AB41BA8C5A5006E3A64 /* GameKitHelper.m in Sources */ = {isa = PBXBuildFile; fileRef = 09CB5AB31BA8C5A5006E3A64 /* GameKitHelper.m */; };
		09CB5AB61BA8C5AE006E3A64 /* GameKit.framework in Frameworks */ = {isa = PBXBuildFile; fileRef = 09CB5AB51BA8C5AE006E3A64 /* GameKit.framework */; };
		677DE20A1BC4B98E00C002ED /* weakEnemyTexture.png in Resources */ = {isa = PBXBuildFile; fileRef = 677DE2091BC4B98E00C002ED /* weakEnemyTexture.png */; settings = {ASSET_TAGS = (); }; };
		67A4F5C31BABA3E0004DCA3C /* Projectile.m in Sources */ = {isa = PBXBuildFile; fileRef = 67A4F5C21BABA3E0004DCA3C /* Projectile.m */; };
		67C0F7791BB95DC6003A02B1 /* WeakEnemy.m in Sources */ = {isa = PBXBuildFile; fileRef = 67C0F7781BB95DC6003A02B1 /* WeakEnemy.m */; };
		67FFA6CF1B99301C00354487 /* main.m in Sources */ = {isa = PBXBuildFile; fileRef = 67FFA6CE1B99301C00354487 /* main.m */; };
		67FFA6D21B99301C00354487 /* AppDelegate.m in Sources */ = {isa = PBXBuildFile; fileRef = 67FFA6D11B99301C00354487 /* AppDelegate.m */; };
		67FFA6D71B99301C00354487 /* GameScene.sks in Resources */ = {isa = PBXBuildFile; fileRef = 67FFA6D61B99301C00354487 /* GameScene.sks */; };
		67FFA6DA1B99301C00354487 /* GameViewController.m in Sources */ = {isa = PBXBuildFile; fileRef = 67FFA6D91B99301C00354487 /* GameViewController.m */; };
		67FFA6DD1B99301C00354487 /* Main.storyboard in Resources */ = {isa = PBXBuildFile; fileRef = 67FFA6DB1B99301C00354487 /* Main.storyboard */; };
		67FFA6DF1B99301C00354487 /* Images.xcassets in Resources */ = {isa = PBXBuildFile; fileRef = 67FFA6DE1B99301C00354487 /* Images.xcassets */; };
		67FFA6E21B99301C00354487 /* LaunchScreen.xib in Resources */ = {isa = PBXBuildFile; fileRef = 67FFA6E01B99301C00354487 /* LaunchScreen.xib */; };
		67FFA6EE1B99301C00354487 /* TecprogRunnerTests.m in Sources */ = {isa = PBXBuildFile; fileRef = 67FFA6ED1B99301C00354487 /* TecprogRunnerTests.m */; };
		6B0FD3F71BA908B800C22BD6 /* OverallScene.m in Sources */ = {isa = PBXBuildFile; fileRef = 6B0FD3F61BA908B800C22BD6 /* OverallScene.m */; };
		6B0FD3FD1BA90B4A00C22BD6 /* BackgroundLayerMenu.m in Sources */ = {isa = PBXBuildFile; fileRef = 6B0FD3FC1BA90B4A00C22BD6 /* BackgroundLayerMenu.m */; };
		6B0FD4061BA90C6900C22BD6 /* OverallControlLayer.m in Sources */ = {isa = PBXBuildFile; fileRef = 6B0FD4051BA90C6900C22BD6 /* OverallControlLayer.m */; };
		6B0FD40A1BA90D2600C22BD6 /* GameData.m in Sources */ = {isa = PBXBuildFile; fileRef = 6B0FD4091BA90D2600C22BD6 /* GameData.m */; };
		6B0FD4101BA9122900C22BD6 /* MenuLayer.m in Sources */ = {isa = PBXBuildFile; fileRef = 6B0FD40F1BA9122900C22BD6 /* MenuLayer.m */; };
		6B0FD4161BA91A3900C22BD6 /* StoreLayer.m in Sources */ = {isa = PBXBuildFile; fileRef = 6B0FD4151BA91A3900C22BD6 /* StoreLayer.m */; };
		6B0FD4191BA91AE400C22BD6 /* BackgroundLayerStore.m in Sources */ = {isa = PBXBuildFile; fileRef = 6B0FD4181BA91AE400C22BD6 /* BackgroundLayerStore.m */; };
		6B2D98DF1BB4E8C5005B342E /* SettingsLayer.m in Sources */ = {isa = PBXBuildFile; fileRef = 6B2D98DE1BB4E8C5005B342E /* SettingsLayer.m */; };
		6B2D98E21BB4E9C0005B342E /* BackgroundLayerSettings.m in Sources */ = {isa = PBXBuildFile; fileRef = 6B2D98E11BB4E9C0005B342E /* BackgroundLayerSettings.m */; };
		E92857331BA25B5500DF4959 /* GameObject.m in Sources */ = {isa = PBXBuildFile; fileRef = E92857321BA25B5500DF4959 /* GameObject.m */; };
		E92857361BA25B6B00DF4959 /* Player.m in Sources */ = {isa = PBXBuildFile; fileRef = E92857351BA25B6B00DF4959 /* Player.m */; };
		E928573D1BA25C7600DF4959 /* Enemy.m in Sources */ = {isa = PBXBuildFile; fileRef = E928573C1BA25C7600DF4959 /* Enemy.m */; };
		E92857431BA25CF500DF4959 /* GameLayer.m in Sources */ = {isa = PBXBuildFile; fileRef = E92857421BA25CF500DF4959 /* GameLayer.m */; };
		E92857461BA25D0300DF4959 /* HudLayer.m in Sources */ = {isa = PBXBuildFile; fileRef = E92857451BA25D0300DF4959 /* HudLayer.m */; };
		E92857491BA25D1100DF4959 /* BackgroundLayer.m in Sources */ = {isa = PBXBuildFile; fileRef = E92857481BA25D1100DF4959 /* BackgroundLayer.m */; };
		E93489161BC7FDBA0038CCF1 /* PhysicsController.m in Sources */ = {isa = PBXBuildFile; fileRef = E93489151BC7FDBA0038CCF1 /* PhysicsController.m */; settings = {ASSET_TAGS = (); }; };
		E93489171BC7FDBA0038CCF1 /* PhysicsController.m in Sources */ = {isa = PBXBuildFile; fileRef = E93489151BC7FDBA0038CCF1 /* PhysicsController.m */; settings = {ASSET_TAGS = (); }; };
/* End PBXBuildFile section */

/* Begin PBXContainerItemProxy section */
		67FFA6E81B99301C00354487 /* PBXContainerItemProxy */ = {
			isa = PBXContainerItemProxy;
			containerPortal = 67FFA6C11B99301C00354487 /* Project object */;
			proxyType = 1;
			remoteGlobalIDString = 67FFA6C81B99301C00354487;
			remoteInfo = TecprogRunner;
		};
/* End PBXContainerItemProxy section */

/* Begin PBXFileReference section */
		093A62D41BB46A6200BF2074 /* PhysicsCategories.h */ = {isa = PBXFileReference; lastKnownFileType = sourcecode.c.h; path = PhysicsCategories.h; sourceTree = "<group>"; };
		093A62D61BB46C4F00BF2074 /* Coin.h */ = {isa = PBXFileReference; fileEncoding = 4; lastKnownFileType = sourcecode.c.h; path = Coin.h; sourceTree = "<group>"; };
		093A62D71BB46C4F00BF2074 /* Coin.m */ = {isa = PBXFileReference; fileEncoding = 4; lastKnownFileType = sourcecode.c.objc; path = Coin.m; sourceTree = "<group>"; };
		095DE90E1BC488E5004BCD3B /* backButton.png */ = {isa = PBXFileReference; lastKnownFileType = image.png; path = backButton.png; sourceTree = "<group>"; };
		095DE90F1BC488E5004BCD3B /* background_Clouds.png */ = {isa = PBXFileReference; lastKnownFileType = image.png; path = background_Clouds.png; sourceTree = "<group>"; };
		095DE9111BC488E5004BCD3B /* Coin1.png */ = {isa = PBXFileReference; lastKnownFileType = image.png; path = Coin1.png; sourceTree = "<group>"; };
		095DE9121BC488E5004BCD3B /* Coin2.png */ = {isa = PBXFileReference; lastKnownFileType = image.png; path = Coin2.png; sourceTree = "<group>"; };
		095DE9131BC488E5004BCD3B /* Coin3.png */ = {isa = PBXFileReference; lastKnownFileType = image.png; path = Coin3.png; sourceTree = "<group>"; };
		095DE9141BC488E5004BCD3B /* Coin4.png */ = {isa = PBXFileReference; lastKnownFileType = image.png; path = Coin4.png; sourceTree = "<group>"; };
		095DE9151BC488E5004BCD3B /* Coin5.png */ = {isa = PBXFileReference; lastKnownFileType = image.png; path = Coin5.png; sourceTree = "<group>"; };
		095DE9161BC488E5004BCD3B /* Coin6.png */ = {isa = PBXFileReference; lastKnownFileType = image.png; path = Coin6.png; sourceTree = "<group>"; };
		095DE9171BC488E5004BCD3B /* gameCenterButton.png */ = {isa = PBXFileReference; lastKnownFileType = image.png; path = gameCenterButton.png; sourceTree = "<group>"; };
		095DE9181BC488E5004BCD3B /* menuBg.png */ = {isa = PBXFileReference; lastKnownFileType = image.png; path = menuBg.png; sourceTree = "<group>"; };
		095DE9191BC488E5004BCD3B /* pauseButton.png */ = {isa = PBXFileReference; lastKnownFileType = image.png; path = pauseButton.png; sourceTree = "<group>"; };
		095DE91B1BC488E5004BCD3B /* playerJumping1.png */ = {isa = PBXFileReference; lastKnownFileType = image.png; path = playerJumping1.png; sourceTree = "<group>"; };
		095DE91C1BC488E5004BCD3B /* playerJumping2.png */ = {isa = PBXFileReference; lastKnownFileType = image.png; path = playerJumping2.png; sourceTree = "<group>"; };
		095DE91D1BC488E5004BCD3B /* playerRunning1.png */ = {isa = PBXFileReference; lastKnownFileType = image.png; path = playerRunning1.png; sourceTree = "<group>"; };
		095DE91E1BC488E5004BCD3B /* playerRunning2.png */ = {isa = PBXFileReference; lastKnownFileType = image.png; path = playerRunning2.png; sourceTree = "<group>"; };
		095DE91F1BC488E5004BCD3B /* playerRunning3.png */ = {isa = PBXFileReference; lastKnownFileType = image.png; path = playerRunning3.png; sourceTree = "<group>"; };
		095DE9201BC488E5004BCD3B /* playerRunning4.png */ = {isa = PBXFileReference; lastKnownFileType = image.png; path = playerRunning4.png; sourceTree = "<group>"; };
		095DE9211BC488E5004BCD3B /* playerRunning5.png */ = {isa = PBXFileReference; lastKnownFileType = image.png; path = playerRunning5.png; sourceTree = "<group>"; };
		095DE9221BC488E5004BCD3B /* playerRunning6.png */ = {isa = PBXFileReference; lastKnownFileType = image.png; path = playerRunning6.png; sourceTree = "<group>"; };
		095DE9231BC488E5004BCD3B /* playerTexture.png */ = {isa = PBXFileReference; lastKnownFileType = image.png; path = playerTexture.png; sourceTree = "<group>"; };
		095DE9241BC488E5004BCD3B /* projectile.png */ = {isa = PBXFileReference; lastKnownFileType = image.png; path = projectile.png; sourceTree = "<group>"; };
		095DE9251BC488E5004BCD3B /* settingsBackground.png */ = {isa = PBXFileReference; lastKnownFileType = image.png; path = settingsBackground.png; sourceTree = "<group>"; };
		095DE9261BC488E5004BCD3B /* settingsButton.png */ = {isa = PBXFileReference; lastKnownFileType = image.png; path = settingsButton.png; sourceTree = "<group>"; };
		095DE9271BC488E5004BCD3B /* storeBackground.png */ = {isa = PBXFileReference; lastKnownFileType = image.png; path = storeBackground.png; sourceTree = "<group>"; };
		095DE9281BC488E5004BCD3B /* storeButton.png */ = {isa = PBXFileReference; lastKnownFileType = image.png; path = storeButton.png; sourceTree = "<group>"; };
		095DE9291BC488E5004BCD3B /* tapToPlay.png */ = {isa = PBXFileReference; lastKnownFileType = image.png; path = tapToPlay.png; sourceTree = "<group>"; };
		09CB5AB01BA8C53C006E3A64 /* Foundation.framework */ = {isa = PBXFileReference; lastKnownFileType = wrapper.framework; name = Foundation.framework; path = System/Library/Frameworks/Foundation.framework; sourceTree = SDKROOT; };
		09CB5AB21BA8C5A5006E3A64 /* GameKitHelper.h */ = {isa = PBXFileReference; fileEncoding = 4; lastKnownFileType = sourcecode.c.h; path = GameKitHelper.h; sourceTree = "<group>"; };
		09CB5AB31BA8C5A5006E3A64 /* GameKitHelper.m */ = {isa = PBXFileReference; fileEncoding = 4; lastKnownFileType = sourcecode.c.objc; path = GameKitHelper.m; sourceTree = "<group>"; };
		09CB5AB51BA8C5AE006E3A64 /* GameKit.framework */ = {isa = PBXFileReference; lastKnownFileType = wrapper.framework; name = GameKit.framework; path = System/Library/Frameworks/GameKit.framework; sourceTree = SDKROOT; };
		677DE2091BC4B98E00C002ED /* weakEnemyTexture.png */ = {isa = PBXFileReference; lastKnownFileType = image.png; path = weakEnemyTexture.png; sourceTree = "<group>"; };
		67A4F5C11BABA3E0004DCA3C /* Projectile.h */ = {isa = PBXFileReference; fileEncoding = 4; lastKnownFileType = sourcecode.c.h; path = Projectile.h; sourceTree = "<group>"; };
		67A4F5C21BABA3E0004DCA3C /* Projectile.m */ = {isa = PBXFileReference; fileEncoding = 4; lastKnownFileType = sourcecode.c.objc; path = Projectile.m; sourceTree = "<group>"; };
		67C0F7771BB95DC6003A02B1 /* WeakEnemy.h */ = {isa = PBXFileReference; fileEncoding = 4; lastKnownFileType = sourcecode.c.h; path = WeakEnemy.h; sourceTree = "<group>"; };
		67C0F7781BB95DC6003A02B1 /* WeakEnemy.m */ = {isa = PBXFileReference; fileEncoding = 4; lastKnownFileType = sourcecode.c.objc; path = WeakEnemy.m; sourceTree = "<group>"; };
		67FFA6C91B99301C00354487 /* TecprogRunner.app */ = {isa = PBXFileReference; explicitFileType = wrapper.application; includeInIndex = 0; path = TecprogRunner.app; sourceTree = BUILT_PRODUCTS_DIR; };
		67FFA6CD1B99301C00354487 /* Info.plist */ = {isa = PBXFileReference; lastKnownFileType = text.plist.xml; path = Info.plist; sourceTree = "<group>"; };
		67FFA6CE1B99301C00354487 /* main.m */ = {isa = PBXFileReference; lastKnownFileType = sourcecode.c.objc; path = main.m; sourceTree = "<group>"; };
		67FFA6D01B99301C00354487 /* AppDelegate.h */ = {isa = PBXFileReference; lastKnownFileType = sourcecode.c.h; path = AppDelegate.h; sourceTree = "<group>"; };
		67FFA6D11B99301C00354487 /* AppDelegate.m */ = {isa = PBXFileReference; lastKnownFileType = sourcecode.c.objc; path = AppDelegate.m; sourceTree = "<group>"; };
		67FFA6D61B99301C00354487 /* GameScene.sks */ = {isa = PBXFileReference; lastKnownFileType = file.sks; path = GameScene.sks; sourceTree = "<group>"; };
		67FFA6D81B99301C00354487 /* GameViewController.h */ = {isa = PBXFileReference; lastKnownFileType = sourcecode.c.h; path = GameViewController.h; sourceTree = "<group>"; };
		67FFA6D91B99301C00354487 /* GameViewController.m */ = {isa = PBXFileReference; lastKnownFileType = sourcecode.c.objc; path = GameViewController.m; sourceTree = "<group>"; };
		67FFA6DC1B99301C00354487 /* Base */ = {isa = PBXFileReference; lastKnownFileType = file.storyboard; name = Base; path = Base.lproj/Main.storyboard; sourceTree = "<group>"; };
		67FFA6DE1B99301C00354487 /* Images.xcassets */ = {isa = PBXFileReference; lastKnownFileType = folder.assetcatalog; path = Images.xcassets; sourceTree = "<group>"; };
		67FFA6E11B99301C00354487 /* Base */ = {isa = PBXFileReference; lastKnownFileType = file.xib; name = Base; path = Base.lproj/LaunchScreen.xib; sourceTree = "<group>"; };
		67FFA6E71B99301C00354487 /* TecprogRunnerTests.xctest */ = {isa = PBXFileReference; explicitFileType = wrapper.cfbundle; includeInIndex = 0; path = TecprogRunnerTests.xctest; sourceTree = BUILT_PRODUCTS_DIR; };
		67FFA6EC1B99301C00354487 /* Info.plist */ = {isa = PBXFileReference; lastKnownFileType = text.plist.xml; path = Info.plist; sourceTree = "<group>"; };
		67FFA6ED1B99301C00354487 /* TecprogRunnerTests.m */ = {isa = PBXFileReference; lastKnownFileType = sourcecode.c.objc; path = TecprogRunnerTests.m; sourceTree = "<group>"; };
		6B0FD3F51BA908B800C22BD6 /* OverallScene.h */ = {isa = PBXFileReference; fileEncoding = 4; lastKnownFileType = sourcecode.c.h; path = OverallScene.h; sourceTree = "<group>"; };
		6B0FD3F61BA908B800C22BD6 /* OverallScene.m */ = {isa = PBXFileReference; fileEncoding = 4; lastKnownFileType = sourcecode.c.objc; path = OverallScene.m; sourceTree = "<group>"; };
		6B0FD3FB1BA90B4A00C22BD6 /* BackgroundLayerMenu.h */ = {isa = PBXFileReference; fileEncoding = 4; lastKnownFileType = sourcecode.c.h; path = BackgroundLayerMenu.h; sourceTree = "<group>"; };
		6B0FD3FC1BA90B4A00C22BD6 /* BackgroundLayerMenu.m */ = {isa = PBXFileReference; fileEncoding = 4; lastKnownFileType = sourcecode.c.objc; path = BackgroundLayerMenu.m; sourceTree = "<group>"; };
		6B0FD4041BA90C6900C22BD6 /* OverallControlLayer.h */ = {isa = PBXFileReference; fileEncoding = 4; lastKnownFileType = sourcecode.c.h; path = OverallControlLayer.h; sourceTree = "<group>"; };
		6B0FD4051BA90C6900C22BD6 /* OverallControlLayer.m */ = {isa = PBXFileReference; fileEncoding = 4; lastKnownFileType = sourcecode.c.objc; path = OverallControlLayer.m; sourceTree = "<group>"; };
		6B0FD4081BA90D2600C22BD6 /* GameData.h */ = {isa = PBXFileReference; fileEncoding = 4; lastKnownFileType = sourcecode.c.h; path = GameData.h; sourceTree = "<group>"; };
		6B0FD4091BA90D2600C22BD6 /* GameData.m */ = {isa = PBXFileReference; fileEncoding = 4; lastKnownFileType = sourcecode.c.objc; path = GameData.m; sourceTree = "<group>"; };
		6B0FD40E1BA9122900C22BD6 /* MenuLayer.h */ = {isa = PBXFileReference; fileEncoding = 4; lastKnownFileType = sourcecode.c.h; path = MenuLayer.h; sourceTree = "<group>"; };
		6B0FD40F1BA9122900C22BD6 /* MenuLayer.m */ = {isa = PBXFileReference; fileEncoding = 4; lastKnownFileType = sourcecode.c.objc; path = MenuLayer.m; sourceTree = "<group>"; };
		6B0FD4141BA91A3900C22BD6 /* StoreLayer.h */ = {isa = PBXFileReference; fileEncoding = 4; lastKnownFileType = sourcecode.c.h; path = StoreLayer.h; sourceTree = "<group>"; };
		6B0FD4151BA91A3900C22BD6 /* StoreLayer.m */ = {isa = PBXFileReference; fileEncoding = 4; lastKnownFileType = sourcecode.c.objc; path = StoreLayer.m; sourceTree = "<group>"; };
		6B0FD4171BA91AE400C22BD6 /* BackgroundLayerStore.h */ = {isa = PBXFileReference; fileEncoding = 4; lastKnownFileType = sourcecode.c.h; path = BackgroundLayerStore.h; sourceTree = "<group>"; };
		6B0FD4181BA91AE400C22BD6 /* BackgroundLayerStore.m */ = {isa = PBXFileReference; fileEncoding = 4; lastKnownFileType = sourcecode.c.objc; path = BackgroundLayerStore.m; sourceTree = "<group>"; };
		6B2D98DD1BB4E8C5005B342E /* SettingsLayer.h */ = {isa = PBXFileReference; fileEncoding = 4; lastKnownFileType = sourcecode.c.h; path = SettingsLayer.h; sourceTree = "<group>"; };
		6B2D98DE1BB4E8C5005B342E /* SettingsLayer.m */ = {isa = PBXFileReference; fileEncoding = 4; lastKnownFileType = sourcecode.c.objc; path = SettingsLayer.m; sourceTree = "<group>"; };
		6B2D98E01BB4E9C0005B342E /* BackgroundLayerSettings.h */ = {isa = PBXFileReference; fileEncoding = 4; lastKnownFileType = sourcecode.c.h; path = BackgroundLayerSettings.h; sourceTree = "<group>"; };
		6B2D98E11BB4E9C0005B342E /* BackgroundLayerSettings.m */ = {isa = PBXFileReference; fileEncoding = 4; lastKnownFileType = sourcecode.c.objc; path = BackgroundLayerSettings.m; sourceTree = "<group>"; };
		E92857311BA25B5500DF4959 /* GameObject.h */ = {isa = PBXFileReference; fileEncoding = 4; lastKnownFileType = sourcecode.c.h; path = GameObject.h; sourceTree = "<group>"; };
		E92857321BA25B5500DF4959 /* GameObject.m */ = {isa = PBXFileReference; fileEncoding = 4; lastKnownFileType = sourcecode.c.objc; path = GameObject.m; sourceTree = "<group>"; };
		E92857341BA25B6B00DF4959 /* Player.h */ = {isa = PBXFileReference; fileEncoding = 4; lastKnownFileType = sourcecode.c.h; path = Player.h; sourceTree = "<group>"; };
		E92857351BA25B6B00DF4959 /* Player.m */ = {isa = PBXFileReference; fileEncoding = 4; lastKnownFileType = sourcecode.c.objc; path = Player.m; sourceTree = "<group>"; };
		E928573B1BA25C7600DF4959 /* Enemy.h */ = {isa = PBXFileReference; fileEncoding = 4; lastKnownFileType = sourcecode.c.h; path = Enemy.h; sourceTree = "<group>"; };
		E928573C1BA25C7600DF4959 /* Enemy.m */ = {isa = PBXFileReference; fileEncoding = 4; lastKnownFileType = sourcecode.c.objc; path = Enemy.m; sourceTree = "<group>"; };
		E92857411BA25CF500DF4959 /* GameLayer.h */ = {isa = PBXFileReference; fileEncoding = 4; lastKnownFileType = sourcecode.c.h; path = GameLayer.h; sourceTree = "<group>"; };
		E92857421BA25CF500DF4959 /* GameLayer.m */ = {isa = PBXFileReference; fileEncoding = 4; lastKnownFileType = sourcecode.c.objc; path = GameLayer.m; sourceTree = "<group>"; };
		E92857441BA25D0300DF4959 /* HudLayer.h */ = {isa = PBXFileReference; fileEncoding = 4; lastKnownFileType = sourcecode.c.h; path = HudLayer.h; sourceTree = "<group>"; };
		E92857451BA25D0300DF4959 /* HudLayer.m */ = {isa = PBXFileReference; fileEncoding = 4; lastKnownFileType = sourcecode.c.objc; path = HudLayer.m; sourceTree = "<group>"; };
		E92857471BA25D1100DF4959 /* BackgroundLayer.h */ = {isa = PBXFileReference; fileEncoding = 4; lastKnownFileType = sourcecode.c.h; path = BackgroundLayer.h; sourceTree = "<group>"; };
		E92857481BA25D1100DF4959 /* BackgroundLayer.m */ = {isa = PBXFileReference; fileEncoding = 4; lastKnownFileType = sourcecode.c.objc; path = BackgroundLayer.m; sourceTree = "<group>"; };
		E92857511BA320AA00DF4959 /* BasicLayer.h */ = {isa = PBXFileReference; fileEncoding = 4; lastKnownFileType = sourcecode.c.h; path = BasicLayer.h; sourceTree = "<group>"; };
		E93489141BC7FDBA0038CCF1 /* PhysicsController.h */ = {isa = PBXFileReference; fileEncoding = 4; lastKnownFileType = sourcecode.c.h; path = PhysicsController.h; sourceTree = "<group>"; };
		E93489151BC7FDBA0038CCF1 /* PhysicsController.m */ = {isa = PBXFileReference; fileEncoding = 4; lastKnownFileType = sourcecode.c.objc; path = PhysicsController.m; sourceTree = "<group>"; };
/* End PBXFileReference section */

/* Begin PBXFrameworksBuildPhase section */
		67FFA6C61B99301C00354487 /* Frameworks */ = {
			isa = PBXFrameworksBuildPhase;
			buildActionMask = 2147483647;
			files = (
				09CB5AB61BA8C5AE006E3A64 /* GameKit.framework in Frameworks */,
				09CB5AB11BA8C53C006E3A64 /* Foundation.framework in Frameworks */,
			);
			runOnlyForDeploymentPostprocessing = 0;
		};
		67FFA6E41B99301C00354487 /* Frameworks */ = {
			isa = PBXFrameworksBuildPhase;
			buildActionMask = 2147483647;
			files = (
			);
			runOnlyForDeploymentPostprocessing = 0;
		};
/* End PBXFrameworksBuildPhase section */

/* Begin PBXGroup section */
		093A62D51BB46A6A00BF2074 /* PhysicsCategories */ = {
			isa = PBXGroup;
			children = (
				093A62D41BB46A6200BF2074 /* PhysicsCategories.h */,
			);
			name = PhysicsCategories;
			sourceTree = "<group>";
		};
		093A62D91BB46C5D00BF2074 /* Coin */ = {
			isa = PBXGroup;
			children = (
				093A62D61BB46C4F00BF2074 /* Coin.h */,
				093A62D71BB46C4F00BF2074 /* Coin.m */,
			);
			name = Coin;
			sourceTree = "<group>";
		};
		095DE90D1BC488E5004BCD3B /* Images */ = {
			isa = PBXGroup;
			children = (
				095DE90E1BC488E5004BCD3B /* backButton.png */,
				095DE90F1BC488E5004BCD3B /* background_Clouds.png */,
				095DE9101BC488E5004BCD3B /* Coin */,
				095DE9171BC488E5004BCD3B /* gameCenterButton.png */,
				095DE9181BC488E5004BCD3B /* menuBg.png */,
				095DE9191BC488E5004BCD3B /* pauseButton.png */,
				095DE91A1BC488E5004BCD3B /* player */,
				095DE9231BC488E5004BCD3B /* playerTexture.png */,
				095DE9241BC488E5004BCD3B /* projectile.png */,
				095DE9251BC488E5004BCD3B /* settingsBackground.png */,
				095DE9261BC488E5004BCD3B /* settingsButton.png */,
				095DE9271BC488E5004BCD3B /* storeBackground.png */,
				095DE9281BC488E5004BCD3B /* storeButton.png */,
				095DE9291BC488E5004BCD3B /* tapToPlay.png */,
				677DE2091BC4B98E00C002ED /* weakEnemyTexture.png */,
			);
			path = Images;
			sourceTree = SOURCE_ROOT;
		};
		095DE9101BC488E5004BCD3B /* Coin */ = {
			isa = PBXGroup;
			children = (
				095DE9111BC488E5004BCD3B /* Coin1.png */,
				095DE9121BC488E5004BCD3B /* Coin2.png */,
				095DE9131BC488E5004BCD3B /* Coin3.png */,
				095DE9141BC488E5004BCD3B /* Coin4.png */,
				095DE9151BC488E5004BCD3B /* Coin5.png */,
				095DE9161BC488E5004BCD3B /* Coin6.png */,
			);
			path = Coin;
			sourceTree = "<group>";
		};
		095DE91A1BC488E5004BCD3B /* player */ = {
			isa = PBXGroup;
			children = (
				095DE91B1BC488E5004BCD3B /* playerJumping1.png */,
				095DE91C1BC488E5004BCD3B /* playerJumping2.png */,
				095DE91D1BC488E5004BCD3B /* playerRunning1.png */,
				095DE91E1BC488E5004BCD3B /* playerRunning2.png */,
				095DE91F1BC488E5004BCD3B /* playerRunning3.png */,
				095DE9201BC488E5004BCD3B /* playerRunning4.png */,
				095DE9211BC488E5004BCD3B /* playerRunning5.png */,
				095DE9221BC488E5004BCD3B /* playerRunning6.png */,
			);
			path = player;
			sourceTree = "<group>";
		};
		09CB5AAF1BA8C505006E3A64 /* GameKitHelper */ = {
			isa = PBXGroup;
			children = (
				09CB5AB21BA8C5A5006E3A64 /* GameKitHelper.h */,
				09CB5AB31BA8C5A5006E3A64 /* GameKitHelper.m */,
			);
			name = GameKitHelper;
			sourceTree = "<group>";
		};
		67A4F5C01BABA3B8004DCA3C /* Projectile */ = {
			isa = PBXGroup;
			children = (
				67A4F5C11BABA3E0004DCA3C /* Projectile.h */,
				67A4F5C21BABA3E0004DCA3C /* Projectile.m */,
			);
			name = Projectile;
			sourceTree = "<group>";
		};
		67FFA6C01B99301C00354487 = {
			isa = PBXGroup;
			children = (
				09CB5AB51BA8C5AE006E3A64 /* GameKit.framework */,
				09CB5AB01BA8C53C006E3A64 /* Foundation.framework */,
				67FFA6CB1B99301C00354487 /* TecprogRunner */,
				67FFA6EA1B99301C00354487 /* TecprogRunnerTests */,
				67FFA6CA1B99301C00354487 /* Products */,
			);
			sourceTree = "<group>";
		};
		67FFA6CA1B99301C00354487 /* Products */ = {
			isa = PBXGroup;
			children = (
				67FFA6C91B99301C00354487 /* TecprogRunner.app */,
				67FFA6E71B99301C00354487 /* TecprogRunnerTests.xctest */,
			);
			name = Products;
			sourceTree = "<group>";
		};
		67FFA6CB1B99301C00354487 /* TecprogRunner */ = {
			isa = PBXGroup;
			children = (
				093A62D51BB46A6A00BF2074 /* PhysicsCategories */,
				6B0FD4071BA90D1300C22BD6 /* GameData */,
				6B0FD3F41BA9089400C22BD6 /* OverallScene */,
				6B0FD3F81BA9098C00C22BD6 /* Layers */,
				09CB5AAF1BA8C505006E3A64 /* GameKitHelper */,
				E928572E1BA2556D00DF4959 /* UI */,
				E928572D1BA2556600DF4959 /* particles */,
				E92857281BA254E200DF4959 /* GameEntities */,
				67FFA6D01B99301C00354487 /* AppDelegate.h */,
				67FFA6D11B99301C00354487 /* AppDelegate.m */,
				67FFA6D81B99301C00354487 /* GameViewController.h */,
				67FFA6D91B99301C00354487 /* GameViewController.m */,
				67FFA6DB1B99301C00354487 /* Main.storyboard */,
				67FFA6DE1B99301C00354487 /* Images.xcassets */,
				67FFA6E01B99301C00354487 /* LaunchScreen.xib */,
				67FFA6CC1B99301C00354487 /* Supporting Files */,
			);
			path = TecprogRunner;
			sourceTree = "<group>";
		};
		67FFA6CC1B99301C00354487 /* Supporting Files */ = {
			isa = PBXGroup;
			children = (
				67FFA6CD1B99301C00354487 /* Info.plist */,
				67FFA6CE1B99301C00354487 /* main.m */,
			);
			name = "Supporting Files";
			sourceTree = "<group>";
		};
		67FFA6EA1B99301C00354487 /* TecprogRunnerTests */ = {
			isa = PBXGroup;
			children = (
				67FFA6ED1B99301C00354487 /* TecprogRunnerTests.m */,
				67FFA6EB1B99301C00354487 /* Supporting Files */,
			);
			path = TecprogRunnerTests;
			sourceTree = "<group>";
		};
		67FFA6EB1B99301C00354487 /* Supporting Files */ = {
			isa = PBXGroup;
			children = (
				67FFA6EC1B99301C00354487 /* Info.plist */,
			);
			name = "Supporting Files";
			sourceTree = "<group>";
		};
		6B0FD3F41BA9089400C22BD6 /* OverallScene */ = {
			isa = PBXGroup;
			children = (
				6B0FD3F51BA908B800C22BD6 /* OverallScene.h */,
				6B0FD3F61BA908B800C22BD6 /* OverallScene.m */,
			);
			name = OverallScene;
			sourceTree = "<group>";
		};
		6B0FD3F81BA9098C00C22BD6 /* Layers */ = {
			isa = PBXGroup;
			children = (
				E92857511BA320AA00DF4959 /* BasicLayer.h */,
				E92857401BA25CB100DF4959 /* GameSceneLayers */,
				6B0FD3FE1BA90B5700C22BD6 /* OverallControlLayer */,
			);
			name = Layers;
			sourceTree = "<group>";
		};
		6B0FD3FE1BA90B5700C22BD6 /* OverallControlLayer */ = {
			isa = PBXGroup;
			children = (
				6B0FD4041BA90C6900C22BD6 /* OverallControlLayer.h */,
				6B0FD4051BA90C6900C22BD6 /* OverallControlLayer.m */,
				6B2D98DC1BB4E8B2005B342E /* Settings */,
				6B0FD4131BA91A2500C22BD6 /* Store */,
				6B0FD4001BA90C1900C22BD6 /* Menu */,
			);
			name = OverallControlLayer;
			sourceTree = "<group>";
		};
		6B0FD4001BA90C1900C22BD6 /* Menu */ = {
			isa = PBXGroup;
			children = (
				6B0FD40E1BA9122900C22BD6 /* MenuLayer.h */,
				6B0FD40F1BA9122900C22BD6 /* MenuLayer.m */,
				6B0FD3FB1BA90B4A00C22BD6 /* BackgroundLayerMenu.h */,
				6B0FD3FC1BA90B4A00C22BD6 /* BackgroundLayerMenu.m */,
			);
			name = Menu;
			sourceTree = "<group>";
		};
		6B0FD4071BA90D1300C22BD6 /* GameData */ = {
			isa = PBXGroup;
			children = (
				6B0FD4081BA90D2600C22BD6 /* GameData.h */,
				6B0FD4091BA90D2600C22BD6 /* GameData.m */,
			);
			name = GameData;
			sourceTree = "<group>";
		};
		6B0FD4131BA91A2500C22BD6 /* Store */ = {
			isa = PBXGroup;
			children = (
				6B0FD4141BA91A3900C22BD6 /* StoreLayer.h */,
				6B0FD4151BA91A3900C22BD6 /* StoreLayer.m */,
				6B0FD4171BA91AE400C22BD6 /* BackgroundLayerStore.h */,
				6B0FD4181BA91AE400C22BD6 /* BackgroundLayerStore.m */,
			);
			name = Store;
			sourceTree = "<group>";
		};
		6B2D98DC1BB4E8B2005B342E /* Settings */ = {
			isa = PBXGroup;
			children = (
				6B2D98DD1BB4E8C5005B342E /* SettingsLayer.h */,
				6B2D98DE1BB4E8C5005B342E /* SettingsLayer.m */,
				6B2D98E01BB4E9C0005B342E /* BackgroundLayerSettings.h */,
				6B2D98E11BB4E9C0005B342E /* BackgroundLayerSettings.m */,
			);
			name = Settings;
			sourceTree = "<group>";
		};
		E92857281BA254E200DF4959 /* GameEntities */ = {
			isa = PBXGroup;
			children = (
				E92857291BA254F600DF4959 /* GameObject */,
				E928572B1BA2550700DF4959 /* Player */,
				67A4F5C01BABA3B8004DCA3C /* Projectile */,
				E928572A1BA2550000DF4959 /* Enemies */,
				093A62D91BB46C5D00BF2074 /* Coin */,
			);
			name = GameEntities;
			sourceTree = "<group>";
		};
		E92857291BA254F600DF4959 /* GameObject */ = {
			isa = PBXGroup;
			children = (
				E92857311BA25B5500DF4959 /* GameObject.h */,
				E92857321BA25B5500DF4959 /* GameObject.m */,
			);
			name = GameObject;
			sourceTree = "<group>";
		};
		E928572A1BA2550000DF4959 /* Enemies */ = {
			isa = PBXGroup;
			children = (
				E928573B1BA25C7600DF4959 /* Enemy.h */,
				E928573C1BA25C7600DF4959 /* Enemy.m */,
				67C0F7771BB95DC6003A02B1 /* WeakEnemy.h */,
				67C0F7781BB95DC6003A02B1 /* WeakEnemy.m */,
			);
			name = Enemies;
			sourceTree = "<group>";
		};
		E928572B1BA2550700DF4959 /* Player */ = {
			isa = PBXGroup;
			children = (
				E92857341BA25B6B00DF4959 /* Player.h */,
				E92857351BA25B6B00DF4959 /* Player.m */,
			);
			name = Player;
			sourceTree = "<group>";
		};
		E928572D1BA2556600DF4959 /* particles */ = {
			isa = PBXGroup;
			children = (
				67FFA6D61B99301C00354487 /* GameScene.sks */,
			);
			name = particles;
			sourceTree = "<group>";
		};
		E928572E1BA2556D00DF4959 /* UI */ = {
			isa = PBXGroup;
			children = (
				095DE90D1BC488E5004BCD3B /* Images */,
				E92857301BA2558200DF4959 /* Fonts */,
				E928572F1BA2557900DF4959 /* Button */,
			);
			name = UI;
			sourceTree = "<group>";
		};
		E928572F1BA2557900DF4959 /* Button */ = {
			isa = PBXGroup;
			children = (
			);
			name = Button;
			sourceTree = "<group>";
		};
		E92857301BA2558200DF4959 /* Fonts */ = {
			isa = PBXGroup;
			children = (
			);
			name = Fonts;
			sourceTree = "<group>";
		};
		E92857401BA25CB100DF4959 /* GameSceneLayers */ = {
			isa = PBXGroup;
			children = (
				E93489131BC7FD640038CCF1 /* PhysicsController */,
				E928574C1BA25D2400DF4959 /* BackgroundLayer */,
				E928574B1BA25D1D00DF4959 /* HudLayer */,
				E928574A1BA25D1500DF4959 /* GameLayer */,
			);
			name = GameSceneLayers;
			sourceTree = "<group>";
		};
		E928574A1BA25D1500DF4959 /* GameLayer */ = {
			isa = PBXGroup;
			children = (
				E92857411BA25CF500DF4959 /* GameLayer.h */,
				E92857421BA25CF500DF4959 /* GameLayer.m */,
			);
			name = GameLayer;
			sourceTree = "<group>";
		};
		E928574B1BA25D1D00DF4959 /* HudLayer */ = {
			isa = PBXGroup;
			children = (
				E92857441BA25D0300DF4959 /* HudLayer.h */,
				E92857451BA25D0300DF4959 /* HudLayer.m */,
			);
			name = HudLayer;
			sourceTree = "<group>";
		};
		E928574C1BA25D2400DF4959 /* BackgroundLayer */ = {
			isa = PBXGroup;
			children = (
				E92857471BA25D1100DF4959 /* BackgroundLayer.h */,
				E92857481BA25D1100DF4959 /* BackgroundLayer.m */,
			);
			name = BackgroundLayer;
			sourceTree = "<group>";
		};
		E93489131BC7FD640038CCF1 /* PhysicsController */ = {
			isa = PBXGroup;
			children = (
				E93489141BC7FDBA0038CCF1 /* PhysicsController.h */,
				E93489151BC7FDBA0038CCF1 /* PhysicsController.m */,
			);
			name = PhysicsController;
			sourceTree = "<group>";
		};
/* End PBXGroup section */

/* Begin PBXNativeTarget section */
		67FFA6C81B99301C00354487 /* TecprogRunner */ = {
			isa = PBXNativeTarget;
			buildConfigurationList = 67FFA6F11B99301C00354487 /* Build configuration list for PBXNativeTarget "TecprogRunner" */;
			buildPhases = (
				67FFA6C51B99301C00354487 /* Sources */,
				67FFA6C61B99301C00354487 /* Frameworks */,
				67FFA6C71B99301C00354487 /* Resources */,
			);
			buildRules = (
			);
			dependencies = (
			);
			name = TecprogRunner;
			productName = TecprogRunner;
			productReference = 67FFA6C91B99301C00354487 /* TecprogRunner.app */;
			productType = "com.apple.product-type.application";
		};
		67FFA6E61B99301C00354487 /* TecprogRunnerTests */ = {
			isa = PBXNativeTarget;
			buildConfigurationList = 67FFA6F41B99301C00354487 /* Build configuration list for PBXNativeTarget "TecprogRunnerTests" */;
			buildPhases = (
				67FFA6E31B99301C00354487 /* Sources */,
				67FFA6E41B99301C00354487 /* Frameworks */,
				67FFA6E51B99301C00354487 /* Resources */,
			);
			buildRules = (
			);
			dependencies = (
				67FFA6E91B99301C00354487 /* PBXTargetDependency */,
			);
			name = TecprogRunnerTests;
			productName = TecprogRunnerTests;
			productReference = 67FFA6E71B99301C00354487 /* TecprogRunnerTests.xctest */;
			productType = "com.apple.product-type.bundle.unit-test";
		};
/* End PBXNativeTarget section */

/* Begin PBXProject section */
		67FFA6C11B99301C00354487 /* Project object */ = {
			isa = PBXProject;
			attributes = {
				LastUpgradeCheck = 0700;
				ORGANIZATIONNAME = "Bepid-UnB";
				TargetAttributes = {
					67FFA6C81B99301C00354487 = {
						CreatedOnToolsVersion = 6.4;
					};
					67FFA6E61B99301C00354487 = {
						CreatedOnToolsVersion = 6.4;
						TestTargetID = 67FFA6C81B99301C00354487;
					};
				};
			};
			buildConfigurationList = 67FFA6C41B99301C00354487 /* Build configuration list for PBXProject "TecprogRunner" */;
			compatibilityVersion = "Xcode 3.2";
			developmentRegion = English;
			hasScannedForEncodings = 0;
			knownRegions = (
				en,
				Base,
			);
			mainGroup = 67FFA6C01B99301C00354487;
			productRefGroup = 67FFA6CA1B99301C00354487 /* Products */;
			projectDirPath = "";
			projectRoot = "";
			targets = (
				67FFA6C81B99301C00354487 /* TecprogRunner */,
				67FFA6E61B99301C00354487 /* TecprogRunnerTests */,
			);
		};
/* End PBXProject section */

/* Begin PBXResourcesBuildPhase section */
		67FFA6C71B99301C00354487 /* Resources */ = {
			isa = PBXResourcesBuildPhase;
			buildActionMask = 2147483647;
			files = (
				095DE92C1BC488E5004BCD3B /* Coin1.png in Resources */,
				095DE93A1BC488E5004BCD3B /* playerRunning4.png in Resources */,
				67FFA6E21B99301C00354487 /* LaunchScreen.xib in Resources */,
				095DE92B1BC488E5004BCD3B /* background_Clouds.png in Resources */,
				095DE92F1BC488E5004BCD3B /* Coin4.png in Resources */,
				095DE9371BC488E5004BCD3B /* playerRunning1.png in Resources */,
				095DE9401BC488E5004BCD3B /* settingsButton.png in Resources */,
				095DE9361BC488E5004BCD3B /* playerJumping2.png in Resources */,
				095DE93E1BC488E5004BCD3B /* projectile.png in Resources */,
				67FFA6DF1B99301C00354487 /* Images.xcassets in Resources */,
				095DE93C1BC488E5004BCD3B /* playerRunning6.png in Resources */,
				095DE9421BC488E5004BCD3B /* storeButton.png in Resources */,
				677DE20A1BC4B98E00C002ED /* weakEnemyTexture.png in Resources */,
				095DE9381BC488E5004BCD3B /* playerRunning2.png in Resources */,
				095DE93D1BC488E5004BCD3B /* playerTexture.png in Resources */,
				095DE9321BC488E5004BCD3B /* gameCenterButton.png in Resources */,
				095DE93B1BC488E5004BCD3B /* playerRunning5.png in Resources */,
				095DE93F1BC488E5004BCD3B /* settingsBackground.png in Resources */,
				095DE92A1BC488E5004BCD3B /* backButton.png in Resources */,
				095DE9331BC488E5004BCD3B /* menuBg.png in Resources */,
				67FFA6D71B99301C00354487 /* GameScene.sks in Resources */,
				095DE9411BC488E5004BCD3B /* storeBackground.png in Resources */,
				095DE9311BC488E5004BCD3B /* Coin6.png in Resources */,
				095DE9301BC488E5004BCD3B /* Coin5.png in Resources */,
				095DE9391BC488E5004BCD3B /* playerRunning3.png in Resources */,
				095DE9431BC488E5004BCD3B /* tapToPlay.png in Resources */,
				095DE9341BC488E5004BCD3B /* pauseButton.png in Resources */,
				67FFA6DD1B99301C00354487 /* Main.storyboard in Resources */,
				095DE9351BC488E5004BCD3B /* playerJumping1.png in Resources */,
				095DE92E1BC488E5004BCD3B /* Coin3.png in Resources */,
				095DE92D1BC488E5004BCD3B /* Coin2.png in Resources */,
			);
			runOnlyForDeploymentPostprocessing = 0;
		};
		67FFA6E51B99301C00354487 /* Resources */ = {
			isa = PBXResourcesBuildPhase;
			buildActionMask = 2147483647;
			files = (
			);
			runOnlyForDeploymentPostprocessing = 0;
		};
/* End PBXResourcesBuildPhase section */

/* Begin PBXSourcesBuildPhase section */
		67FFA6C51B99301C00354487 /* Sources */ = {
			isa = PBXSourcesBuildPhase;
			buildActionMask = 2147483647;
			files = (
				09CB5AB41BA8C5A5006E3A64 /* GameKitHelper.m in Sources */,
				E92857491BA25D1100DF4959 /* BackgroundLayer.m in Sources */,
				6B0FD4061BA90C6900C22BD6 /* OverallControlLayer.m in Sources */,
				E928573D1BA25C7600DF4959 /* Enemy.m in Sources */,
				E92857331BA25B5500DF4959 /* GameObject.m in Sources */,
				6B0FD3F71BA908B800C22BD6 /* OverallScene.m in Sources */,
				6B2D98E21BB4E9C0005B342E /* BackgroundLayerSettings.m in Sources */,
				67FFA6DA1B99301C00354487 /* GameViewController.m in Sources */,
				67FFA6D21B99301C00354487 /* AppDelegate.m in Sources */,
				E93489161BC7FDBA0038CCF1 /* PhysicsController.m in Sources */,
				6B0FD4161BA91A3900C22BD6 /* StoreLayer.m in Sources */,
				093A62D81BB46C4F00BF2074 /* Coin.m in Sources */,
				6B0FD4101BA9122900C22BD6 /* MenuLayer.m in Sources */,
				6B0FD40A1BA90D2600C22BD6 /* GameData.m in Sources */,
				6B2D98DF1BB4E8C5005B342E /* SettingsLayer.m in Sources */,
				67C0F7791BB95DC6003A02B1 /* WeakEnemy.m in Sources */,
				E92857361BA25B6B00DF4959 /* Player.m in Sources */,
				6B0FD3FD1BA90B4A00C22BD6 /* BackgroundLayerMenu.m in Sources */,
				E92857431BA25CF500DF4959 /* GameLayer.m in Sources */,
				67FFA6CF1B99301C00354487 /* main.m in Sources */,
				67A4F5C31BABA3E0004DCA3C /* Projectile.m in Sources */,
				E92857461BA25D0300DF4959 /* HudLayer.m in Sources */,
				6B0FD4191BA91AE400C22BD6 /* BackgroundLayerStore.m in Sources */,
			);
			runOnlyForDeploymentPostprocessing = 0;
		};
		67FFA6E31B99301C00354487 /* Sources */ = {
			isa = PBXSourcesBuildPhase;
			buildActionMask = 2147483647;
			files = (
				67FFA6EE1B99301C00354487 /* TecprogRunnerTests.m in Sources */,
				E93489171BC7FDBA0038CCF1 /* PhysicsController.m in Sources */,
			);
			runOnlyForDeploymentPostprocessing = 0;
		};
/* End PBXSourcesBuildPhase section */

/* Begin PBXTargetDependency section */
		67FFA6E91B99301C00354487 /* PBXTargetDependency */ = {
			isa = PBXTargetDependency;
			target = 67FFA6C81B99301C00354487 /* TecprogRunner */;
			targetProxy = 67FFA6E81B99301C00354487 /* PBXContainerItemProxy */;
		};
/* End PBXTargetDependency section */

/* Begin PBXVariantGroup section */
		67FFA6DB1B99301C00354487 /* Main.storyboard */ = {
			isa = PBXVariantGroup;
			children = (
				67FFA6DC1B99301C00354487 /* Base */,
			);
			name = Main.storyboard;
			sourceTree = "<group>";
		};
		67FFA6E01B99301C00354487 /* LaunchScreen.xib */ = {
			isa = PBXVariantGroup;
			children = (
				67FFA6E11B99301C00354487 /* Base */,
			);
			name = LaunchScreen.xib;
			sourceTree = "<group>";
		};
/* End PBXVariantGroup section */

/* Begin XCBuildConfiguration section */
		67FFA6EF1B99301C00354487 /* Debug */ = {
			isa = XCBuildConfiguration;
			buildSettings = {
				ALWAYS_SEARCH_USER_PATHS = NO;
				CLANG_CXX_LANGUAGE_STANDARD = "gnu++0x";
				CLANG_CXX_LIBRARY = "libc++";
				CLANG_ENABLE_MODULES = YES;
				CLANG_ENABLE_OBJC_ARC = YES;
				CLANG_WARN_BOOL_CONVERSION = YES;
				CLANG_WARN_CONSTANT_CONVERSION = YES;
				CLANG_WARN_DIRECT_OBJC_ISA_USAGE = YES_ERROR;
				CLANG_WARN_EMPTY_BODY = YES;
				CLANG_WARN_ENUM_CONVERSION = YES;
				CLANG_WARN_INT_CONVERSION = YES;
				CLANG_WARN_OBJC_ROOT_CLASS = YES_ERROR;
				CLANG_WARN_UNREACHABLE_CODE = YES;
				CLANG_WARN__DUPLICATE_METHOD_MATCH = YES;
				"CODE_SIGN_IDENTITY[sdk=iphoneos*]" = "iPhone Developer";
				COPY_PHASE_STRIP = NO;
				DEBUG_INFORMATION_FORMAT = "dwarf-with-dsym";
				ENABLE_STRICT_OBJC_MSGSEND = YES;
				ENABLE_TESTABILITY = YES;
				GCC_C_LANGUAGE_STANDARD = gnu99;
				GCC_DYNAMIC_NO_PIC = NO;
				GCC_NO_COMMON_BLOCKS = YES;
				GCC_OPTIMIZATION_LEVEL = 0;
				GCC_PREPROCESSOR_DEFINITIONS = (
					"DEBUG=1",
					"$(inherited)",
				);
				GCC_SYMBOLS_PRIVATE_EXTERN = NO;
				GCC_WARN_64_TO_32_BIT_CONVERSION = YES;
				GCC_WARN_ABOUT_RETURN_TYPE = YES_ERROR;
				GCC_WARN_UNDECLARED_SELECTOR = YES;
				GCC_WARN_UNINITIALIZED_AUTOS = YES_AGGRESSIVE;
				GCC_WARN_UNUSED_FUNCTION = YES;
				GCC_WARN_UNUSED_VARIABLE = YES;
				IPHONEOS_DEPLOYMENT_TARGET = 8.4;
				MTL_ENABLE_DEBUG_INFO = YES;
				ONLY_ACTIVE_ARCH = YES;
				SDKROOT = iphoneos;
				TARGETED_DEVICE_FAMILY = "1,2";
			};
			name = Debug;
		};
		67FFA6F01B99301C00354487 /* Release */ = {
			isa = XCBuildConfiguration;
			buildSettings = {
				ALWAYS_SEARCH_USER_PATHS = NO;
				CLANG_CXX_LANGUAGE_STANDARD = "gnu++0x";
				CLANG_CXX_LIBRARY = "libc++";
				CLANG_ENABLE_MODULES = YES;
				CLANG_ENABLE_OBJC_ARC = YES;
				CLANG_WARN_BOOL_CONVERSION = YES;
				CLANG_WARN_CONSTANT_CONVERSION = YES;
				CLANG_WARN_DIRECT_OBJC_ISA_USAGE = YES_ERROR;
				CLANG_WARN_EMPTY_BODY = YES;
				CLANG_WARN_ENUM_CONVERSION = YES;
				CLANG_WARN_INT_CONVERSION = YES;
				CLANG_WARN_OBJC_ROOT_CLASS = YES_ERROR;
				CLANG_WARN_UNREACHABLE_CODE = YES;
				CLANG_WARN__DUPLICATE_METHOD_MATCH = YES;
				"CODE_SIGN_IDENTITY[sdk=iphoneos*]" = "iPhone Developer";
				COPY_PHASE_STRIP = NO;
				DEBUG_INFORMATION_FORMAT = "dwarf-with-dsym";
				ENABLE_NS_ASSERTIONS = NO;
				ENABLE_STRICT_OBJC_MSGSEND = YES;
				GCC_C_LANGUAGE_STANDARD = gnu99;
				GCC_NO_COMMON_BLOCKS = YES;
				GCC_WARN_64_TO_32_BIT_CONVERSION = YES;
				GCC_WARN_ABOUT_RETURN_TYPE = YES_ERROR;
				GCC_WARN_UNDECLARED_SELECTOR = YES;
				GCC_WARN_UNINITIALIZED_AUTOS = YES_AGGRESSIVE;
				GCC_WARN_UNUSED_FUNCTION = YES;
				GCC_WARN_UNUSED_VARIABLE = YES;
				IPHONEOS_DEPLOYMENT_TARGET = 8.4;
				MTL_ENABLE_DEBUG_INFO = NO;
				SDKROOT = iphoneos;
				TARGETED_DEVICE_FAMILY = "1,2";
				VALIDATE_PRODUCT = YES;
			};
			name = Release;
		};
		67FFA6F21B99301C00354487 /* Debug */ = {
			isa = XCBuildConfiguration;
			buildSettings = {
				ASSETCATALOG_COMPILER_APPICON_NAME = AppIcon;
				INFOPLIST_FILE = TecprogRunner/Info.plist;
				LD_RUNPATH_SEARCH_PATHS = "$(inherited) @executable_path/Frameworks";
				PRODUCT_BUNDLE_IDENTIFIER = "bu.$(PRODUCT_NAME:rfc1034identifier)";
				PRODUCT_NAME = "$(TARGET_NAME)";
				TARGETED_DEVICE_FAMILY = "1,2";
			};
			name = Debug;
		};
		67FFA6F31B99301C00354487 /* Release */ = {
			isa = XCBuildConfiguration;
			buildSettings = {
				ASSETCATALOG_COMPILER_APPICON_NAME = AppIcon;
				INFOPLIST_FILE = TecprogRunner/Info.plist;
				LD_RUNPATH_SEARCH_PATHS = "$(inherited) @executable_path/Frameworks";
				PRODUCT_BUNDLE_IDENTIFIER = "bu.$(PRODUCT_NAME:rfc1034identifier)";
				PRODUCT_NAME = "$(TARGET_NAME)";
				TARGETED_DEVICE_FAMILY = "1,2";
			};
			name = Release;
		};
		67FFA6F51B99301C00354487 /* Debug */ = {
			isa = XCBuildConfiguration;
			buildSettings = {
				BUNDLE_LOADER = "$(TEST_HOST)";
				FRAMEWORK_SEARCH_PATHS = (
					"$(SDKROOT)/Developer/Library/Frameworks",
					"$(inherited)",
				);
				GCC_PREPROCESSOR_DEFINITIONS = (
					"DEBUG=1",
					"$(inherited)",
				);
				INFOPLIST_FILE = TecprogRunnerTests/Info.plist;
				LD_RUNPATH_SEARCH_PATHS = "$(inherited) @executable_path/Frameworks @loader_path/Frameworks";
				PRODUCT_BUNDLE_IDENTIFIER = "bu.$(PRODUCT_NAME:rfc1034identifier)";
				PRODUCT_NAME = "$(TARGET_NAME)";
				TEST_HOST = "$(BUILT_PRODUCTS_DIR)/TecprogRunner.app/TecprogRunner";
			};
			name = Debug;
		};
		67FFA6F61B99301C00354487 /* Release */ = {
			isa = XCBuildConfiguration;
			buildSettings = {
				BUNDLE_LOADER = "$(TEST_HOST)";
				FRAMEWORK_SEARCH_PATHS = (
					"$(SDKROOT)/Developer/Library/Frameworks",
					"$(inherited)",
				);
				INFOPLIST_FILE = TecprogRunnerTests/Info.plist;
				LD_RUNPATH_SEARCH_PATHS = "$(inherited) @executable_path/Frameworks @loader_path/Frameworks";
				PRODUCT_BUNDLE_IDENTIFIER = "bu.$(PRODUCT_NAME:rfc1034identifier)";
				PRODUCT_NAME = "$(TARGET_NAME)";
				TEST_HOST = "$(BUILT_PRODUCTS_DIR)/TecprogRunner.app/TecprogRunner";
			};
			name = Release;
		};
/* End XCBuildConfiguration section */

/* Begin XCConfigurationList section */
		67FFA6C41B99301C00354487 /* Build configuration list for PBXProject "TecprogRunner" */ = {
			isa = XCConfigurationList;
			buildConfigurations = (
				67FFA6EF1B99301C00354487 /* Debug */,
				67FFA6F01B99301C00354487 /* Release */,
			);
			defaultConfigurationIsVisible = 0;
			defaultConfigurationName = Release;
		};
		67FFA6F11B99301C00354487 /* Build configuration list for PBXNativeTarget "TecprogRunner" */ = {
			isa = XCConfigurationList;
			buildConfigurations = (
				67FFA6F21B99301C00354487 /* Debug */,
				67FFA6F31B99301C00354487 /* Release */,
			);
			defaultConfigurationIsVisible = 0;
			defaultConfigurationName = Release;
		};
		67FFA6F41B99301C00354487 /* Build configuration list for PBXNativeTarget "TecprogRunnerTests" */ = {
			isa = XCConfigurationList;
			buildConfigurations = (
				67FFA6F51B99301C00354487 /* Debug */,
				67FFA6F61B99301C00354487 /* Release */,
			);
			defaultConfigurationIsVisible = 0;
			defaultConfigurationName = Release;
		};
/* End XCConfigurationList section */
	};
	rootObject = 67FFA6C11B99301C00354487 /* Project object */;
}
